// !$*UTF8*$!
{
	archiveVersion = 1;
	classes = {
	};
	objectVersion = 56;
	objects = {

/* Begin PBXBuildFile section */
		F126B1C52AA0AFB60035E499 /* IntroViewController.swift in Sources */ = {isa = PBXBuildFile; fileRef = F126B1C42AA0AFB60035E499 /* IntroViewController.swift */; };
		F126B1CC2AA231F60035E499 /* MentoSignup1ViewController.swift in Sources */ = {isa = PBXBuildFile; fileRef = F126B1CB2AA231F60035E499 /* MentoSignup1ViewController.swift */; };
		F126B1CE2AA41D7A0035E499 /* SignupStepBar.swift in Sources */ = {isa = PBXBuildFile; fileRef = F126B1CD2AA41D7A0035E499 /* SignupStepBar.swift */; };
		F126B1D02AA568D80035E499 /* SelectViewController.swift in Sources */ = {isa = PBXBuildFile; fileRef = F126B1CF2AA568D80035E499 /* SelectViewController.swift */; };
		F126B1D42AA6F6CF0035E499 /* SelectView.swift in Sources */ = {isa = PBXBuildFile; fileRef = F126B1D32AA6F6CF0035E499 /* SelectView.swift */; };
		F126B1D72AA6FB780035E499 /* SelectedElementView.swift in Sources */ = {isa = PBXBuildFile; fileRef = F126B1D62AA6FB780035E499 /* SelectedElementView.swift */; };
		F1A5605F2A949E6800FD2E91 /* AppDelegate.swift in Sources */ = {isa = PBXBuildFile; fileRef = F1A5605E2A949E6800FD2E91 /* AppDelegate.swift */; };
		F1A560612A949E6800FD2E91 /* SceneDelegate.swift in Sources */ = {isa = PBXBuildFile; fileRef = F1A560602A949E6800FD2E91 /* SceneDelegate.swift */; };
		F1A560632A949E6800FD2E91 /* MainTapBarController.swift in Sources */ = {isa = PBXBuildFile; fileRef = F1A560622A949E6800FD2E91 /* MainTapBarController.swift */; };
		F1A560682A949E6900FD2E91 /* Assets.xcassets in Resources */ = {isa = PBXBuildFile; fileRef = F1A560672A949E6900FD2E91 /* Assets.xcassets */; };
		F1A5606B2A949E6900FD2E91 /* LaunchScreen.storyboard in Resources */ = {isa = PBXBuildFile; fileRef = F1A560692A949E6900FD2E91 /* LaunchScreen.storyboard */; };
		F1A560742A94A42B00FD2E91 /* Kingfisher in Frameworks */ = {isa = PBXBuildFile; productRef = F1A560732A94A42B00FD2E91 /* Kingfisher */; };
		F1DD2C8D2A95DE5C00EE9711 /* HomeViewController.swift in Sources */ = {isa = PBXBuildFile; fileRef = F1DD2C8C2A95DE5C00EE9711 /* HomeViewController.swift */; };
		F1DD2C902A95E26600EE9711 /* SnapKit in Frameworks */ = {isa = PBXBuildFile; productRef = F1DD2C8F2A95E26600EE9711 /* SnapKit */; };
		F1DD2C922A95E81200EE9711 /* HomeCollectionViewCell.swift in Sources */ = {isa = PBXBuildFile; fileRef = F1DD2C912A95E81200EE9711 /* HomeCollectionViewCell.swift */; };
		F1DD2C9B2A95F82C00EE9711 /* NanumSquareOTF_acL.otf in Resources */ = {isa = PBXBuildFile; fileRef = F1DD2C932A95F82C00EE9711 /* NanumSquareOTF_acL.otf */; };
		F1DD2C9C2A95F82C00EE9711 /* NanumSquareL.otf in Resources */ = {isa = PBXBuildFile; fileRef = F1DD2C942A95F82C00EE9711 /* NanumSquareL.otf */; };
		F1DD2C9D2A95F82C00EE9711 /* NanumSquareB.otf in Resources */ = {isa = PBXBuildFile; fileRef = F1DD2C952A95F82C00EE9711 /* NanumSquareB.otf */; };
		F1DD2C9E2A95F82C00EE9711 /* NanumSquareOTF_acR.otf in Resources */ = {isa = PBXBuildFile; fileRef = F1DD2C962A95F82C00EE9711 /* NanumSquareOTF_acR.otf */; };
		F1DD2C9F2A95F82C00EE9711 /* NanumSquareR.otf in Resources */ = {isa = PBXBuildFile; fileRef = F1DD2C972A95F82C00EE9711 /* NanumSquareR.otf */; };
		F1DD2CA02A95F82C00EE9711 /* NanumSquareOTF_acB.otf in Resources */ = {isa = PBXBuildFile; fileRef = F1DD2C982A95F82C00EE9711 /* NanumSquareOTF_acB.otf */; };
		F1DD2CA12A95F82C00EE9711 /* NanumSquareOTF_acEB.otf in Resources */ = {isa = PBXBuildFile; fileRef = F1DD2C992A95F82C00EE9711 /* NanumSquareOTF_acEB.otf */; };
		F1DD2CA22A95F82C00EE9711 /* NanumSquareEB.otf in Resources */ = {isa = PBXBuildFile; fileRef = F1DD2C9A2A95F82C00EE9711 /* NanumSquareEB.otf */; };
		F1DD2CA62A96FACD00EE9711 /* HomeCollectionHeaderView.swift in Sources */ = {isa = PBXBuildFile; fileRef = F1DD2CA52A96FACD00EE9711 /* HomeCollectionHeaderView.swift */; };
		F1DD2CA82A98896300EE9711 /* ExpandableView.swift in Sources */ = {isa = PBXBuildFile; fileRef = F1DD2CA72A98896300EE9711 /* ExpandableView.swift */; };
		F1DD2CAB2A99CD0B00EE9711 /* LoginViewController.swift in Sources */ = {isa = PBXBuildFile; fileRef = F1DD2CAA2A99CD0B00EE9711 /* LoginViewController.swift */; };
		F1DD2CAF2A99E57D00EE9711 /* LineTextField.swift in Sources */ = {isa = PBXBuildFile; fileRef = F1DD2CAE2A99E57C00EE9711 /* LineTextField.swift */; };
		F1DD2CB22A99EE9C00EE9711 /* BaseButton.swift in Sources */ = {isa = PBXBuildFile; fileRef = F1DD2CB12A99EE9C00EE9711 /* BaseButton.swift */; };
		F1DD2CB42A99FA9B00EE9711 /* NanumLabel.swift in Sources */ = {isa = PBXBuildFile; fileRef = F1DD2CB32A99FA9B00EE9711 /* NanumLabel.swift */; };
		F1DD2CB72A9A05D900EE9711 /* UIColor.swift in Sources */ = {isa = PBXBuildFile; fileRef = F1DD2CB62A9A05D900EE9711 /* UIColor.swift */; };
		F1DD2CBA2A9A0F0D00EE9711 /* CheckBox.swift in Sources */ = {isa = PBXBuildFile; fileRef = F1DD2CB92A9A0F0D00EE9711 /* CheckBox.swift */; };
		F1DD2CBC2A9A53AC00EE9711 /* UIFont.swift in Sources */ = {isa = PBXBuildFile; fileRef = F1DD2CBB2A9A53AC00EE9711 /* UIFont.swift */; };
		F1DD2CBE2A9AE68500EE9711 /* LoginView.swift in Sources */ = {isa = PBXBuildFile; fileRef = F1DD2CBD2A9AE68500EE9711 /* LoginView.swift */; };
		F1DD2CC02A9AEDDC00EE9711 /* UIViewController.swift in Sources */ = {isa = PBXBuildFile; fileRef = F1DD2CBF2A9AEDDC00EE9711 /* UIViewController.swift */; };
		F1DD2CC42A9C851300EE9711 /* FindIdViewController.swift in Sources */ = {isa = PBXBuildFile; fileRef = F1DD2CC32A9C851300EE9711 /* FindIdViewController.swift */; };
		F1DD2CC62A9D7AE800EE9711 /* FindIdCheckViewController.swift in Sources */ = {isa = PBXBuildFile; fileRef = F1DD2CC52A9D7AE700EE9711 /* FindIdCheckViewController.swift */; };
		F1DD2CC92A9D7B4B00EE9711 /* FindIdView.swift in Sources */ = {isa = PBXBuildFile; fileRef = F1DD2CC82A9D7B4B00EE9711 /* FindIdView.swift */; };
		F1DD2CCB2A9D7CD900EE9711 /* FindIdCheckView.swift in Sources */ = {isa = PBXBuildFile; fileRef = F1DD2CCA2A9D7CD900EE9711 /* FindIdCheckView.swift */; };
		F1DD2CD02A9F616D00EE9711 /* FindPwViewController.swift in Sources */ = {isa = PBXBuildFile; fileRef = F1DD2CCF2A9F616D00EE9711 /* FindPwViewController.swift */; };
		F1DD2CD22A9F635900EE9711 /* FindPwView.swift in Sources */ = {isa = PBXBuildFile; fileRef = F1DD2CD12A9F635900EE9711 /* FindPwView.swift */; };
		F1FCE7652ABC754C0024AE60 /* Signup2ViewController.swift in Sources */ = {isa = PBXBuildFile; fileRef = F1FCE7642ABC754C0024AE60 /* Signup2ViewController.swift */; };
		F1FCE7672ABC75A80024AE60 /* Signup2View.swift in Sources */ = {isa = PBXBuildFile; fileRef = F1FCE7662ABC75A80024AE60 /* Signup2View.swift */; };
		F1FCE7692ABD7E2A0024AE60 /* Signup3View.swift in Sources */ = {isa = PBXBuildFile; fileRef = F1FCE7682ABD7E2A0024AE60 /* Signup3View.swift */; };
		F1FCE76B2ABD82620024AE60 /* Signup3ViewController.swift in Sources */ = {isa = PBXBuildFile; fileRef = F1FCE76A2ABD82620024AE60 /* Signup3ViewController.swift */; };
		F1FCE76D2ABE8E370024AE60 /* Signup4View.swift in Sources */ = {isa = PBXBuildFile; fileRef = F1FCE76C2ABE8E370024AE60 /* Signup4View.swift */; };
		F1FCE76F2ABE8E4E0024AE60 /* Signup4ViewController.swift in Sources */ = {isa = PBXBuildFile; fileRef = F1FCE76E2ABE8E4E0024AE60 /* Signup4ViewController.swift */; };
		F1FCE7712AC01E950024AE60 /* Signup5View.swift in Sources */ = {isa = PBXBuildFile; fileRef = F1FCE7702AC01E950024AE60 /* Signup5View.swift */; };
		F1FCE7732AC023390024AE60 /* Signup5ViewController.swift in Sources */ = {isa = PBXBuildFile; fileRef = F1FCE7722AC023390024AE60 /* Signup5ViewController.swift */; };
		F1FCE7752AC07CEA0024AE60 /* Signup6ViewController.swift in Sources */ = {isa = PBXBuildFile; fileRef = F1FCE7742AC07CEA0024AE60 /* Signup6ViewController.swift */; };
		F1FCE7772AC07CF90024AE60 /* Signup6View.swift in Sources */ = {isa = PBXBuildFile; fileRef = F1FCE7762AC07CF90024AE60 /* Signup6View.swift */; };
		F1FCE77B2AC2C7670024AE60 /* MenteeSignup1ViewController.swift in Sources */ = {isa = PBXBuildFile; fileRef = F1FCE77A2AC2C7670024AE60 /* MenteeSignup1ViewController.swift */; };
		F1FCE77F2AC317600024AE60 /* SelectViewControllerProtocol.swift in Sources */ = {isa = PBXBuildFile; fileRef = F1FCE77E2AC317600024AE60 /* SelectViewControllerProtocol.swift */; };
		F1FCE7832AC317EF0024AE60 /* UIStyle.swift in Sources */ = {isa = PBXBuildFile; fileRef = F1FCE7822AC317EF0024AE60 /* UIStyle.swift */; };
		F1FCE7852AC318700024AE60 /* BaseButtonStyle.swift in Sources */ = {isa = PBXBuildFile; fileRef = F1FCE7842AC318700024AE60 /* BaseButtonStyle.swift */; };
		F1FCE7872AC318950024AE60 /* NanumWeightType.swift in Sources */ = {isa = PBXBuildFile; fileRef = F1FCE7862AC318950024AE60 /* NanumWeightType.swift */; };
		F1FCE7892AC318B00024AE60 /* NanumFamily.swift in Sources */ = {isa = PBXBuildFile; fileRef = F1FCE7882AC318B00024AE60 /* NanumFamily.swift */; };
		F1FCE78C2AC7D5610024AE60 /* MyPageViewController.swift in Sources */ = {isa = PBXBuildFile; fileRef = F1FCE78B2AC7D5610024AE60 /* MyPageViewController.swift */; };
		F1FCE78F2AC7D5FC0024AE60 /* MyPageView.swift in Sources */ = {isa = PBXBuildFile; fileRef = F1FCE78E2AC7D5FC0024AE60 /* MyPageView.swift */; };
		F1FCE7912AC825D60024AE60 /* ProfileCardView.swift in Sources */ = {isa = PBXBuildFile; fileRef = F1FCE7902AC825D60024AE60 /* ProfileCardView.swift */; };
		F1FCE7932AC84FFD0024AE60 /* SetMenuView.swift in Sources */ = {isa = PBXBuildFile; fileRef = F1FCE7922AC84FFD0024AE60 /* SetMenuView.swift */; };
		F1FCE7952AC902D90024AE60 /* MentoringSetView.swift in Sources */ = {isa = PBXBuildFile; fileRef = F1FCE7942AC902D90024AE60 /* MentoringSetView.swift */; };
		F1FCE7972AC902F00024AE60 /* MentoringSetViewController.swift in Sources */ = {isa = PBXBuildFile; fileRef = F1FCE7962AC902F00024AE60 /* MentoringSetViewController.swift */; };
		F1FCE7992AC909270024AE60 /* AccountSetViewController.swift in Sources */ = {isa = PBXBuildFile; fileRef = F1FCE7982AC909270024AE60 /* AccountSetViewController.swift */; };
		F1FCE79B2AC94A9E0024AE60 /* AccountSetView.swift in Sources */ = {isa = PBXBuildFile; fileRef = F1FCE79A2AC94A9E0024AE60 /* AccountSetView.swift */; };
		F1FCE79D2AC976750024AE60 /* CustomAlertViewController.swift in Sources */ = {isa = PBXBuildFile; fileRef = F1FCE79C2AC976750024AE60 /* CustomAlertViewController.swift */; };
		F1FCE79F2AC9795C0024AE60 /* CustomAlertView.swift in Sources */ = {isa = PBXBuildFile; fileRef = F1FCE79E2AC9795C0024AE60 /* CustomAlertView.swift */; };
		F1FCE7A12ACB00C40024AE60 /* UploadDocumentsViewController.swift in Sources */ = {isa = PBXBuildFile; fileRef = F1FCE7A02ACB00C40024AE60 /* UploadDocumentsViewController.swift */; };
		F1FCE7A32ACB04830024AE60 /* UploadDocumentsView.swift in Sources */ = {isa = PBXBuildFile; fileRef = F1FCE7A22ACB04830024AE60 /* UploadDocumentsView.swift */; };
		F1FCE7A52ACE87C10024AE60 /* AccountConfirmView.swift in Sources */ = {isa = PBXBuildFile; fileRef = F1FCE7A42ACE87C10024AE60 /* AccountConfirmView.swift */; };
		F1FCE7A72ACE88050024AE60 /* AccountConfirmViewController.swift in Sources */ = {isa = PBXBuildFile; fileRef = F1FCE7A62ACE88050024AE60 /* AccountConfirmViewController.swift */; };
		F1FCE7A92AD03FE30024AE60 /* PasswordResetViewController.swift in Sources */ = {isa = PBXBuildFile; fileRef = F1FCE7A82AD03FE30024AE60 /* PasswordResetViewController.swift */; };
		F1FCE7AB2AD03FF50024AE60 /* PasswordResetView.swift in Sources */ = {isa = PBXBuildFile; fileRef = F1FCE7AA2AD03FF50024AE60 /* PasswordResetView.swift */; };
		F1FCE7AF2AD1358F0024AE60 /* UserDetailViewController.swift in Sources */ = {isa = PBXBuildFile; fileRef = F1FCE7AE2AD1358F0024AE60 /* UserDetailViewController.swift */; };
		F1FCE7B12AD136D20024AE60 /* UserDetailView.swift in Sources */ = {isa = PBXBuildFile; fileRef = F1FCE7B02AD136D20024AE60 /* UserDetailView.swift */; };
		F1FCE7B32AD140360024AE60 /* UserDetailProfileCardView.swift in Sources */ = {isa = PBXBuildFile; fileRef = F1FCE7B22AD140360024AE60 /* UserDetailProfileCardView.swift */; };
/* End PBXBuildFile section */

/* Begin PBXFileReference section */
		F126B1C42AA0AFB60035E499 /* IntroViewController.swift */ = {isa = PBXFileReference; lastKnownFileType = sourcecode.swift; path = IntroViewController.swift; sourceTree = "<group>"; };
		F126B1CB2AA231F60035E499 /* MentoSignup1ViewController.swift */ = {isa = PBXFileReference; lastKnownFileType = sourcecode.swift; path = MentoSignup1ViewController.swift; sourceTree = "<group>"; };
		F126B1CD2AA41D7A0035E499 /* SignupStepBar.swift */ = {isa = PBXFileReference; lastKnownFileType = sourcecode.swift; path = SignupStepBar.swift; sourceTree = "<group>"; };
		F126B1CF2AA568D80035E499 /* SelectViewController.swift */ = {isa = PBXFileReference; lastKnownFileType = sourcecode.swift; path = SelectViewController.swift; sourceTree = "<group>"; };
		F126B1D32AA6F6CF0035E499 /* SelectView.swift */ = {isa = PBXFileReference; lastKnownFileType = sourcecode.swift; path = SelectView.swift; sourceTree = "<group>"; };
		F126B1D62AA6FB780035E499 /* SelectedElementView.swift */ = {isa = PBXFileReference; lastKnownFileType = sourcecode.swift; path = SelectedElementView.swift; sourceTree = "<group>"; };
		F1A5605B2A949E6800FD2E91 /* dotoring-iOS.app */ = {isa = PBXFileReference; explicitFileType = wrapper.application; includeInIndex = 0; path = "dotoring-iOS.app"; sourceTree = BUILT_PRODUCTS_DIR; };
		F1A5605E2A949E6800FD2E91 /* AppDelegate.swift */ = {isa = PBXFileReference; lastKnownFileType = sourcecode.swift; path = AppDelegate.swift; sourceTree = "<group>"; };
		F1A560602A949E6800FD2E91 /* SceneDelegate.swift */ = {isa = PBXFileReference; lastKnownFileType = sourcecode.swift; path = SceneDelegate.swift; sourceTree = "<group>"; };
		F1A560622A949E6800FD2E91 /* MainTapBarController.swift */ = {isa = PBXFileReference; lastKnownFileType = sourcecode.swift; path = MainTapBarController.swift; sourceTree = "<group>"; };
		F1A560672A949E6900FD2E91 /* Assets.xcassets */ = {isa = PBXFileReference; lastKnownFileType = folder.assetcatalog; path = Assets.xcassets; sourceTree = "<group>"; };
		F1A5606A2A949E6900FD2E91 /* Base */ = {isa = PBXFileReference; lastKnownFileType = file.storyboard; name = Base; path = Base.lproj/LaunchScreen.storyboard; sourceTree = "<group>"; };
		F1A5606C2A949E6900FD2E91 /* Info.plist */ = {isa = PBXFileReference; lastKnownFileType = text.plist.xml; path = Info.plist; sourceTree = "<group>"; };
		F1DD2C8C2A95DE5C00EE9711 /* HomeViewController.swift */ = {isa = PBXFileReference; lastKnownFileType = sourcecode.swift; path = HomeViewController.swift; sourceTree = "<group>"; };
		F1DD2C912A95E81200EE9711 /* HomeCollectionViewCell.swift */ = {isa = PBXFileReference; lastKnownFileType = sourcecode.swift; path = HomeCollectionViewCell.swift; sourceTree = "<group>"; };
		F1DD2C932A95F82C00EE9711 /* NanumSquareOTF_acL.otf */ = {isa = PBXFileReference; lastKnownFileType = file; path = NanumSquareOTF_acL.otf; sourceTree = "<group>"; };
		F1DD2C942A95F82C00EE9711 /* NanumSquareL.otf */ = {isa = PBXFileReference; lastKnownFileType = file; path = NanumSquareL.otf; sourceTree = "<group>"; };
		F1DD2C952A95F82C00EE9711 /* NanumSquareB.otf */ = {isa = PBXFileReference; lastKnownFileType = file; path = NanumSquareB.otf; sourceTree = "<group>"; };
		F1DD2C962A95F82C00EE9711 /* NanumSquareOTF_acR.otf */ = {isa = PBXFileReference; lastKnownFileType = file; path = NanumSquareOTF_acR.otf; sourceTree = "<group>"; };
		F1DD2C972A95F82C00EE9711 /* NanumSquareR.otf */ = {isa = PBXFileReference; lastKnownFileType = file; path = NanumSquareR.otf; sourceTree = "<group>"; };
		F1DD2C982A95F82C00EE9711 /* NanumSquareOTF_acB.otf */ = {isa = PBXFileReference; lastKnownFileType = file; path = NanumSquareOTF_acB.otf; sourceTree = "<group>"; };
		F1DD2C992A95F82C00EE9711 /* NanumSquareOTF_acEB.otf */ = {isa = PBXFileReference; lastKnownFileType = file; path = NanumSquareOTF_acEB.otf; sourceTree = "<group>"; };
		F1DD2C9A2A95F82C00EE9711 /* NanumSquareEB.otf */ = {isa = PBXFileReference; lastKnownFileType = file; path = NanumSquareEB.otf; sourceTree = "<group>"; };
		F1DD2CA52A96FACD00EE9711 /* HomeCollectionHeaderView.swift */ = {isa = PBXFileReference; lastKnownFileType = sourcecode.swift; path = HomeCollectionHeaderView.swift; sourceTree = "<group>"; };
		F1DD2CA72A98896300EE9711 /* ExpandableView.swift */ = {isa = PBXFileReference; lastKnownFileType = sourcecode.swift; path = ExpandableView.swift; sourceTree = "<group>"; };
		F1DD2CAA2A99CD0B00EE9711 /* LoginViewController.swift */ = {isa = PBXFileReference; lastKnownFileType = sourcecode.swift; path = LoginViewController.swift; sourceTree = "<group>"; };
		F1DD2CAE2A99E57C00EE9711 /* LineTextField.swift */ = {isa = PBXFileReference; lastKnownFileType = sourcecode.swift; path = LineTextField.swift; sourceTree = "<group>"; };
		F1DD2CB12A99EE9C00EE9711 /* BaseButton.swift */ = {isa = PBXFileReference; lastKnownFileType = sourcecode.swift; path = BaseButton.swift; sourceTree = "<group>"; };
		F1DD2CB32A99FA9B00EE9711 /* NanumLabel.swift */ = {isa = PBXFileReference; lastKnownFileType = sourcecode.swift; path = NanumLabel.swift; sourceTree = "<group>"; };
		F1DD2CB62A9A05D900EE9711 /* UIColor.swift */ = {isa = PBXFileReference; lastKnownFileType = sourcecode.swift; path = UIColor.swift; sourceTree = "<group>"; };
		F1DD2CB92A9A0F0D00EE9711 /* CheckBox.swift */ = {isa = PBXFileReference; lastKnownFileType = sourcecode.swift; path = CheckBox.swift; sourceTree = "<group>"; };
		F1DD2CBB2A9A53AC00EE9711 /* UIFont.swift */ = {isa = PBXFileReference; lastKnownFileType = sourcecode.swift; path = UIFont.swift; sourceTree = "<group>"; };
		F1DD2CBD2A9AE68500EE9711 /* LoginView.swift */ = {isa = PBXFileReference; lastKnownFileType = sourcecode.swift; path = LoginView.swift; sourceTree = "<group>"; };
		F1DD2CBF2A9AEDDC00EE9711 /* UIViewController.swift */ = {isa = PBXFileReference; lastKnownFileType = sourcecode.swift; path = UIViewController.swift; sourceTree = "<group>"; };
		F1DD2CC32A9C851300EE9711 /* FindIdViewController.swift */ = {isa = PBXFileReference; lastKnownFileType = sourcecode.swift; path = FindIdViewController.swift; sourceTree = "<group>"; };
		F1DD2CC52A9D7AE700EE9711 /* FindIdCheckViewController.swift */ = {isa = PBXFileReference; lastKnownFileType = sourcecode.swift; path = FindIdCheckViewController.swift; sourceTree = "<group>"; };
		F1DD2CC82A9D7B4B00EE9711 /* FindIdView.swift */ = {isa = PBXFileReference; lastKnownFileType = sourcecode.swift; path = FindIdView.swift; sourceTree = "<group>"; };
		F1DD2CCA2A9D7CD900EE9711 /* FindIdCheckView.swift */ = {isa = PBXFileReference; lastKnownFileType = sourcecode.swift; path = FindIdCheckView.swift; sourceTree = "<group>"; };
		F1DD2CCF2A9F616D00EE9711 /* FindPwViewController.swift */ = {isa = PBXFileReference; lastKnownFileType = sourcecode.swift; path = FindPwViewController.swift; sourceTree = "<group>"; };
		F1DD2CD12A9F635900EE9711 /* FindPwView.swift */ = {isa = PBXFileReference; lastKnownFileType = sourcecode.swift; path = FindPwView.swift; sourceTree = "<group>"; };
		F1FCE7642ABC754C0024AE60 /* Signup2ViewController.swift */ = {isa = PBXFileReference; lastKnownFileType = sourcecode.swift; path = Signup2ViewController.swift; sourceTree = "<group>"; };
		F1FCE7662ABC75A80024AE60 /* Signup2View.swift */ = {isa = PBXFileReference; lastKnownFileType = sourcecode.swift; path = Signup2View.swift; sourceTree = "<group>"; };
		F1FCE7682ABD7E2A0024AE60 /* Signup3View.swift */ = {isa = PBXFileReference; lastKnownFileType = sourcecode.swift; path = Signup3View.swift; sourceTree = "<group>"; };
		F1FCE76A2ABD82620024AE60 /* Signup3ViewController.swift */ = {isa = PBXFileReference; lastKnownFileType = sourcecode.swift; path = Signup3ViewController.swift; sourceTree = "<group>"; };
		F1FCE76C2ABE8E370024AE60 /* Signup4View.swift */ = {isa = PBXFileReference; lastKnownFileType = sourcecode.swift; path = Signup4View.swift; sourceTree = "<group>"; };
		F1FCE76E2ABE8E4E0024AE60 /* Signup4ViewController.swift */ = {isa = PBXFileReference; lastKnownFileType = sourcecode.swift; path = Signup4ViewController.swift; sourceTree = "<group>"; };
		F1FCE7702AC01E950024AE60 /* Signup5View.swift */ = {isa = PBXFileReference; lastKnownFileType = sourcecode.swift; path = Signup5View.swift; sourceTree = "<group>"; };
		F1FCE7722AC023390024AE60 /* Signup5ViewController.swift */ = {isa = PBXFileReference; lastKnownFileType = sourcecode.swift; path = Signup5ViewController.swift; sourceTree = "<group>"; };
		F1FCE7742AC07CEA0024AE60 /* Signup6ViewController.swift */ = {isa = PBXFileReference; lastKnownFileType = sourcecode.swift; path = Signup6ViewController.swift; sourceTree = "<group>"; };
		F1FCE7762AC07CF90024AE60 /* Signup6View.swift */ = {isa = PBXFileReference; lastKnownFileType = sourcecode.swift; path = Signup6View.swift; sourceTree = "<group>"; };
		F1FCE77A2AC2C7670024AE60 /* MenteeSignup1ViewController.swift */ = {isa = PBXFileReference; lastKnownFileType = sourcecode.swift; path = MenteeSignup1ViewController.swift; sourceTree = "<group>"; };
		F1FCE77E2AC317600024AE60 /* SelectViewControllerProtocol.swift */ = {isa = PBXFileReference; lastKnownFileType = sourcecode.swift; path = SelectViewControllerProtocol.swift; sourceTree = "<group>"; };
		F1FCE7822AC317EF0024AE60 /* UIStyle.swift */ = {isa = PBXFileReference; lastKnownFileType = sourcecode.swift; path = UIStyle.swift; sourceTree = "<group>"; };
		F1FCE7842AC318700024AE60 /* BaseButtonStyle.swift */ = {isa = PBXFileReference; lastKnownFileType = sourcecode.swift; path = BaseButtonStyle.swift; sourceTree = "<group>"; };
		F1FCE7862AC318950024AE60 /* NanumWeightType.swift */ = {isa = PBXFileReference; lastKnownFileType = sourcecode.swift; path = NanumWeightType.swift; sourceTree = "<group>"; };
		F1FCE7882AC318B00024AE60 /* NanumFamily.swift */ = {isa = PBXFileReference; lastKnownFileType = sourcecode.swift; path = NanumFamily.swift; sourceTree = "<group>"; };
		F1FCE78B2AC7D5610024AE60 /* MyPageViewController.swift */ = {isa = PBXFileReference; lastKnownFileType = sourcecode.swift; path = MyPageViewController.swift; sourceTree = "<group>"; };
		F1FCE78E2AC7D5FC0024AE60 /* MyPageView.swift */ = {isa = PBXFileReference; lastKnownFileType = sourcecode.swift; path = MyPageView.swift; sourceTree = "<group>"; };
		F1FCE7902AC825D60024AE60 /* ProfileCardView.swift */ = {isa = PBXFileReference; lastKnownFileType = sourcecode.swift; path = ProfileCardView.swift; sourceTree = "<group>"; };
		F1FCE7922AC84FFD0024AE60 /* SetMenuView.swift */ = {isa = PBXFileReference; lastKnownFileType = sourcecode.swift; path = SetMenuView.swift; sourceTree = "<group>"; };
		F1FCE7942AC902D90024AE60 /* MentoringSetView.swift */ = {isa = PBXFileReference; lastKnownFileType = sourcecode.swift; path = MentoringSetView.swift; sourceTree = "<group>"; };
		F1FCE7962AC902F00024AE60 /* MentoringSetViewController.swift */ = {isa = PBXFileReference; lastKnownFileType = sourcecode.swift; path = MentoringSetViewController.swift; sourceTree = "<group>"; };
		F1FCE7982AC909270024AE60 /* AccountSetViewController.swift */ = {isa = PBXFileReference; lastKnownFileType = sourcecode.swift; path = AccountSetViewController.swift; sourceTree = "<group>"; };
		F1FCE79A2AC94A9E0024AE60 /* AccountSetView.swift */ = {isa = PBXFileReference; lastKnownFileType = sourcecode.swift; path = AccountSetView.swift; sourceTree = "<group>"; };
		F1FCE79C2AC976750024AE60 /* CustomAlertViewController.swift */ = {isa = PBXFileReference; lastKnownFileType = sourcecode.swift; path = CustomAlertViewController.swift; sourceTree = "<group>"; };
		F1FCE79E2AC9795C0024AE60 /* CustomAlertView.swift */ = {isa = PBXFileReference; lastKnownFileType = sourcecode.swift; path = CustomAlertView.swift; sourceTree = "<group>"; };
		F1FCE7A02ACB00C40024AE60 /* UploadDocumentsViewController.swift */ = {isa = PBXFileReference; lastKnownFileType = sourcecode.swift; path = UploadDocumentsViewController.swift; sourceTree = "<group>"; };
		F1FCE7A22ACB04830024AE60 /* UploadDocumentsView.swift */ = {isa = PBXFileReference; lastKnownFileType = sourcecode.swift; path = UploadDocumentsView.swift; sourceTree = "<group>"; };
		F1FCE7A42ACE87C10024AE60 /* AccountConfirmView.swift */ = {isa = PBXFileReference; lastKnownFileType = sourcecode.swift; path = AccountConfirmView.swift; sourceTree = "<group>"; };
		F1FCE7A62ACE88050024AE60 /* AccountConfirmViewController.swift */ = {isa = PBXFileReference; lastKnownFileType = sourcecode.swift; path = AccountConfirmViewController.swift; sourceTree = "<group>"; };
		F1FCE7A82AD03FE30024AE60 /* PasswordResetViewController.swift */ = {isa = PBXFileReference; lastKnownFileType = sourcecode.swift; path = PasswordResetViewController.swift; sourceTree = "<group>"; };
		F1FCE7AA2AD03FF50024AE60 /* PasswordResetView.swift */ = {isa = PBXFileReference; lastKnownFileType = sourcecode.swift; path = PasswordResetView.swift; sourceTree = "<group>"; };
		F1FCE7AE2AD1358F0024AE60 /* UserDetailViewController.swift */ = {isa = PBXFileReference; lastKnownFileType = sourcecode.swift; path = UserDetailViewController.swift; sourceTree = "<group>"; };
		F1FCE7B02AD136D20024AE60 /* UserDetailView.swift */ = {isa = PBXFileReference; lastKnownFileType = sourcecode.swift; path = UserDetailView.swift; sourceTree = "<group>"; };
		F1FCE7B22AD140360024AE60 /* UserDetailProfileCardView.swift */ = {isa = PBXFileReference; lastKnownFileType = sourcecode.swift; path = UserDetailProfileCardView.swift; sourceTree = "<group>"; };
/* End PBXFileReference section */

/* Begin PBXFrameworksBuildPhase section */
		F1A560582A949E6800FD2E91 /* Frameworks */ = {
			isa = PBXFrameworksBuildPhase;
			buildActionMask = 2147483647;
			files = (
				F1A560742A94A42B00FD2E91 /* Kingfisher in Frameworks */,
				F1DD2C902A95E26600EE9711 /* SnapKit in Frameworks */,
			);
			runOnlyForDeploymentPostprocessing = 0;
		};
/* End PBXFrameworksBuildPhase section */

/* Begin PBXGroup section */
		F126B1CA2AA231E20035E499 /* Signup */ = {
			isa = PBXGroup;
			children = (
				F126B1D52AA6FB0D0035E499 /* Views */,
				F126B1CB2AA231F60035E499 /* MentoSignup1ViewController.swift */,
				F1FCE77A2AC2C7670024AE60 /* MenteeSignup1ViewController.swift */,
				F1FCE7642ABC754C0024AE60 /* Signup2ViewController.swift */,
				F1FCE76A2ABD82620024AE60 /* Signup3ViewController.swift */,
				F1FCE76E2ABE8E4E0024AE60 /* Signup4ViewController.swift */,
				F1FCE7722AC023390024AE60 /* Signup5ViewController.swift */,
				F1FCE7742AC07CEA0024AE60 /* Signup6ViewController.swift */,
			);
			path = Signup;
			sourceTree = "<group>";
		};
		F126B1D52AA6FB0D0035E499 /* Views */ = {
			isa = PBXGroup;
			children = (
				F126B1D32AA6F6CF0035E499 /* SelectView.swift */,
				F126B1D62AA6FB780035E499 /* SelectedElementView.swift */,
				F1FCE7662ABC75A80024AE60 /* Signup2View.swift */,
				F1FCE7682ABD7E2A0024AE60 /* Signup3View.swift */,
				F1FCE76C2ABE8E370024AE60 /* Signup4View.swift */,
				F1FCE7702AC01E950024AE60 /* Signup5View.swift */,
				F1FCE7762AC07CF90024AE60 /* Signup6View.swift */,
			);
			path = Views;
			sourceTree = "<group>";
		};
		F1A560522A949E6800FD2E91 = {
			isa = PBXGroup;
			children = (
				F1A5605D2A949E6800FD2E91 /* dotoring-iOS */,
				F1A5605C2A949E6800FD2E91 /* Products */,
			);
			sourceTree = "<group>";
		};
		F1A5605C2A949E6800FD2E91 /* Products */ = {
			isa = PBXGroup;
			children = (
				F1A5605B2A949E6800FD2E91 /* dotoring-iOS.app */,
			);
			name = Products;
			sourceTree = "<group>";
		};
		F1A5605D2A949E6800FD2E91 /* dotoring-iOS */ = {
			isa = PBXGroup;
			children = (
				F1DD2CB82A9A0B6000EE9711 /* Classes */,
				F1DD2CB52A9A05BB00EE9711 /* Extensions */,
				F1FCE77C2AC316D00024AE60 /* Enums */,
				F1DD2C8A2A95DDD500EE9711 /* Scenes */,
				F1A560762A94ADEF00FD2E91 /* Fonts */,
				F1FCE77D2AC316F40024AE60 /* Protocols */,
				F1A5605E2A949E6800FD2E91 /* AppDelegate.swift */,
				F1A560602A949E6800FD2E91 /* SceneDelegate.swift */,
				F1A560672A949E6900FD2E91 /* Assets.xcassets */,
				F1A560692A949E6900FD2E91 /* LaunchScreen.storyboard */,
				F1A5606C2A949E6900FD2E91 /* Info.plist */,
			);
			path = "dotoring-iOS";
			sourceTree = "<group>";
		};
		F1A560762A94ADEF00FD2E91 /* Fonts */ = {
			isa = PBXGroup;
			children = (
				F1A5607F2A94AE5900FD2E91 /* NanumSquare */,
			);
			path = Fonts;
			sourceTree = "<group>";
		};
		F1A5607F2A94AE5900FD2E91 /* NanumSquare */ = {
			isa = PBXGroup;
			children = (
				F1DD2C952A95F82C00EE9711 /* NanumSquareB.otf */,
				F1DD2C9A2A95F82C00EE9711 /* NanumSquareEB.otf */,
				F1DD2C942A95F82C00EE9711 /* NanumSquareL.otf */,
				F1DD2C982A95F82C00EE9711 /* NanumSquareOTF_acB.otf */,
				F1DD2C992A95F82C00EE9711 /* NanumSquareOTF_acEB.otf */,
				F1DD2C932A95F82C00EE9711 /* NanumSquareOTF_acL.otf */,
				F1DD2C962A95F82C00EE9711 /* NanumSquareOTF_acR.otf */,
				F1DD2C972A95F82C00EE9711 /* NanumSquareR.otf */,
			);
			path = NanumSquare;
			sourceTree = "<group>";
		};
		F1DD2C8A2A95DDD500EE9711 /* Scenes */ = {
			isa = PBXGroup;
			children = (
				F1FCE78A2AC7D4AD0024AE60 /* MyPage */,
				F126B1CA2AA231E20035E499 /* Signup */,
				F1DD2CA92A99CCDD00EE9711 /* Common */,
				F1DD2C8B2A95DDF600EE9711 /* Home */,
				F1A560622A949E6800FD2E91 /* MainTapBarController.swift */,
				F126B1CF2AA568D80035E499 /* SelectViewController.swift */,
			);
			path = Scenes;
			sourceTree = "<group>";
		};
		F1DD2C8B2A95DDF600EE9711 /* Home */ = {
			isa = PBXGroup;
			children = (
				F1FCE7AD2AD135610024AE60 /* Cells */,
				F1FCE7AC2AD135530024AE60 /* Views */,
				F1DD2C8C2A95DE5C00EE9711 /* HomeViewController.swift */,
				F1FCE7AE2AD1358F0024AE60 /* UserDetailViewController.swift */,
			);
			path = Home;
			sourceTree = "<group>";
		};
		F1DD2CA92A99CCDD00EE9711 /* Common */ = {
			isa = PBXGroup;
			children = (
				F1DD2CC72A9D7B2100EE9711 /* Views */,
				F1DD2CAA2A99CD0B00EE9711 /* LoginViewController.swift */,
				F1DD2CC32A9C851300EE9711 /* FindIdViewController.swift */,
				F1DD2CC52A9D7AE700EE9711 /* FindIdCheckViewController.swift */,
				F1DD2CCF2A9F616D00EE9711 /* FindPwViewController.swift */,
				F126B1C42AA0AFB60035E499 /* IntroViewController.swift */,
			);
			path = Common;
			sourceTree = "<group>";
		};
		F1DD2CB52A9A05BB00EE9711 /* Extensions */ = {
			isa = PBXGroup;
			children = (
				F1DD2CB62A9A05D900EE9711 /* UIColor.swift */,
				F1DD2CBB2A9A53AC00EE9711 /* UIFont.swift */,
				F1DD2CBF2A9AEDDC00EE9711 /* UIViewController.swift */,
			);
			path = Extensions;
			sourceTree = "<group>";
		};
		F1DD2CB82A9A0B6000EE9711 /* Classes */ = {
			isa = PBXGroup;
			children = (
				F1DD2CAE2A99E57C00EE9711 /* LineTextField.swift */,
				F1DD2CB12A99EE9C00EE9711 /* BaseButton.swift */,
				F1DD2CB32A99FA9B00EE9711 /* NanumLabel.swift */,
				F1DD2CB92A9A0F0D00EE9711 /* CheckBox.swift */,
				F126B1CD2AA41D7A0035E499 /* SignupStepBar.swift */,
				F1FCE79E2AC9795C0024AE60 /* CustomAlertView.swift */,
				F1FCE79C2AC976750024AE60 /* CustomAlertViewController.swift */,
			);
			path = Classes;
			sourceTree = "<group>";
		};
		F1DD2CC72A9D7B2100EE9711 /* Views */ = {
			isa = PBXGroup;
			children = (
				F1DD2CBD2A9AE68500EE9711 /* LoginView.swift */,
				F1DD2CC82A9D7B4B00EE9711 /* FindIdView.swift */,
				F1DD2CCA2A9D7CD900EE9711 /* FindIdCheckView.swift */,
				F1DD2CD12A9F635900EE9711 /* FindPwView.swift */,
			);
			path = Views;
			sourceTree = "<group>";
		};
		F1FCE77C2AC316D00024AE60 /* Enums */ = {
			isa = PBXGroup;
			children = (
				F1FCE7822AC317EF0024AE60 /* UIStyle.swift */,
				F1FCE7842AC318700024AE60 /* BaseButtonStyle.swift */,
				F1FCE7862AC318950024AE60 /* NanumWeightType.swift */,
				F1FCE7882AC318B00024AE60 /* NanumFamily.swift */,
			);
			path = Enums;
			sourceTree = "<group>";
		};
		F1FCE77D2AC316F40024AE60 /* Protocols */ = {
			isa = PBXGroup;
			children = (
				F1FCE77E2AC317600024AE60 /* SelectViewControllerProtocol.swift */,
			);
			path = Protocols;
			sourceTree = "<group>";
		};
		F1FCE78A2AC7D4AD0024AE60 /* MyPage */ = {
			isa = PBXGroup;
			children = (
				F1FCE78D2AC7D5E30024AE60 /* Views */,
				F1FCE78B2AC7D5610024AE60 /* MyPageViewController.swift */,
				F1FCE7962AC902F00024AE60 /* MentoringSetViewController.swift */,
				F1FCE7A02ACB00C40024AE60 /* UploadDocumentsViewController.swift */,
				F1FCE7982AC909270024AE60 /* AccountSetViewController.swift */,
				F1FCE7A62ACE88050024AE60 /* AccountConfirmViewController.swift */,
				F1FCE7A82AD03FE30024AE60 /* PasswordResetViewController.swift */,
			);
			path = MyPage;
			sourceTree = "<group>";
		};
		F1FCE78D2AC7D5E30024AE60 /* Views */ = {
			isa = PBXGroup;
			children = (
				F1FCE78E2AC7D5FC0024AE60 /* MyPageView.swift */,
				F1FCE7902AC825D60024AE60 /* ProfileCardView.swift */,
				F1FCE7922AC84FFD0024AE60 /* SetMenuView.swift */,
				F1FCE7942AC902D90024AE60 /* MentoringSetView.swift */,
				F1FCE7A22ACB04830024AE60 /* UploadDocumentsView.swift */,
				F1FCE79A2AC94A9E0024AE60 /* AccountSetView.swift */,
				F1FCE7A42ACE87C10024AE60 /* AccountConfirmView.swift */,
				F1FCE7AA2AD03FF50024AE60 /* PasswordResetView.swift */,
			);
			path = Views;
			sourceTree = "<group>";
		};
		F1FCE7AC2AD135530024AE60 /* Views */ = {
			isa = PBXGroup;
			children = (
				F1DD2CA52A96FACD00EE9711 /* HomeCollectionHeaderView.swift */,
				F1DD2CA72A98896300EE9711 /* ExpandableView.swift */,
				F1FCE7B02AD136D20024AE60 /* UserDetailView.swift */,
				F1FCE7B22AD140360024AE60 /* UserDetailProfileCardView.swift */,
			);
			path = Views;
			sourceTree = "<group>";
		};
		F1FCE7AD2AD135610024AE60 /* Cells */ = {
			isa = PBXGroup;
			children = (
				F1DD2C912A95E81200EE9711 /* HomeCollectionViewCell.swift */,
			);
			path = Cells;
			sourceTree = "<group>";
		};
/* End PBXGroup section */

/* Begin PBXNativeTarget section */
		F1A5605A2A949E6800FD2E91 /* dotoring-iOS */ = {
			isa = PBXNativeTarget;
			buildConfigurationList = F1A5606F2A949E6900FD2E91 /* Build configuration list for PBXNativeTarget "dotoring-iOS" */;
			buildPhases = (
				F1A560572A949E6800FD2E91 /* Sources */,
				F1A560582A949E6800FD2E91 /* Frameworks */,
				F1A560592A949E6800FD2E91 /* Resources */,
			);
			buildRules = (
			);
			dependencies = (
			);
			name = "dotoring-iOS";
			packageProductDependencies = (
				F1A560732A94A42B00FD2E91 /* Kingfisher */,
				F1DD2C8F2A95E26600EE9711 /* SnapKit */,
			);
			productName = "dotoring-iOS";
			productReference = F1A5605B2A949E6800FD2E91 /* dotoring-iOS.app */;
			productType = "com.apple.product-type.application";
		};
/* End PBXNativeTarget section */

/* Begin PBXProject section */
		F1A560532A949E6800FD2E91 /* Project object */ = {
			isa = PBXProject;
			attributes = {
				BuildIndependentTargetsInParallel = 1;
				LastSwiftUpdateCheck = 1420;
				LastUpgradeCheck = 1420;
				TargetAttributes = {
					F1A5605A2A949E6800FD2E91 = {
						CreatedOnToolsVersion = 14.2;
					};
				};
			};
			buildConfigurationList = F1A560562A949E6800FD2E91 /* Build configuration list for PBXProject "dotoring-iOS" */;
			compatibilityVersion = "Xcode 14.0";
			developmentRegion = en;
			hasScannedForEncodings = 0;
			knownRegions = (
				en,
				Base,
			);
			mainGroup = F1A560522A949E6800FD2E91;
			packageReferences = (
				F1A560722A94A42B00FD2E91 /* XCRemoteSwiftPackageReference "Kingfisher" */,
				F1DD2C8E2A95E26600EE9711 /* XCRemoteSwiftPackageReference "SnapKit" */,
			);
			productRefGroup = F1A5605C2A949E6800FD2E91 /* Products */;
			projectDirPath = "";
			projectRoot = "";
			targets = (
				F1A5605A2A949E6800FD2E91 /* dotoring-iOS */,
			);
		};
/* End PBXProject section */

/* Begin PBXResourcesBuildPhase section */
		F1A560592A949E6800FD2E91 /* Resources */ = {
			isa = PBXResourcesBuildPhase;
			buildActionMask = 2147483647;
			files = (
				F1DD2C9B2A95F82C00EE9711 /* NanumSquareOTF_acL.otf in Resources */,
				F1DD2C9F2A95F82C00EE9711 /* NanumSquareR.otf in Resources */,
				F1DD2CA12A95F82C00EE9711 /* NanumSquareOTF_acEB.otf in Resources */,
				F1DD2CA22A95F82C00EE9711 /* NanumSquareEB.otf in Resources */,
				F1A5606B2A949E6900FD2E91 /* LaunchScreen.storyboard in Resources */,
				F1DD2CA02A95F82C00EE9711 /* NanumSquareOTF_acB.otf in Resources */,
				F1DD2C9D2A95F82C00EE9711 /* NanumSquareB.otf in Resources */,
				F1DD2C9E2A95F82C00EE9711 /* NanumSquareOTF_acR.otf in Resources */,
				F1A560682A949E6900FD2E91 /* Assets.xcassets in Resources */,
				F1DD2C9C2A95F82C00EE9711 /* NanumSquareL.otf in Resources */,
			);
			runOnlyForDeploymentPostprocessing = 0;
		};
/* End PBXResourcesBuildPhase section */

/* Begin PBXSourcesBuildPhase section */
		F1A560572A949E6800FD2E91 /* Sources */ = {
			isa = PBXSourcesBuildPhase;
			buildActionMask = 2147483647;
			files = (
				F126B1CE2AA41D7A0035E499 /* SignupStepBar.swift in Sources */,
				F126B1C52AA0AFB60035E499 /* IntroViewController.swift in Sources */,
				F126B1D42AA6F6CF0035E499 /* SelectView.swift in Sources */,
				F1FCE7AF2AD1358F0024AE60 /* UserDetailViewController.swift in Sources */,
				F1DD2CA62A96FACD00EE9711 /* HomeCollectionHeaderView.swift in Sources */,
				F1FCE7752AC07CEA0024AE60 /* Signup6ViewController.swift in Sources */,
				F126B1D72AA6FB780035E499 /* SelectedElementView.swift in Sources */,
				F1FCE76D2ABE8E370024AE60 /* Signup4View.swift in Sources */,
				F1FCE7892AC318B00024AE60 /* NanumFamily.swift in Sources */,
				F1FCE7932AC84FFD0024AE60 /* SetMenuView.swift in Sources */,
				F1DD2CB72A9A05D900EE9711 /* UIColor.swift in Sources */,
				F1DD2C922A95E81200EE9711 /* HomeCollectionViewCell.swift in Sources */,
				F1FCE7952AC902D90024AE60 /* MentoringSetView.swift in Sources */,
				F1FCE78C2AC7D5610024AE60 /* MyPageViewController.swift in Sources */,
				F1DD2CBE2A9AE68500EE9711 /* LoginView.swift in Sources */,
				F1A560632A949E6800FD2E91 /* MainTapBarController.swift in Sources */,
				F1DD2CC92A9D7B4B00EE9711 /* FindIdView.swift in Sources */,
				F1DD2CD22A9F635900EE9711 /* FindPwView.swift in Sources */,
				F1FCE7A12ACB00C40024AE60 /* UploadDocumentsViewController.swift in Sources */,
				F1FCE7832AC317EF0024AE60 /* UIStyle.swift in Sources */,
				F1FCE7772AC07CF90024AE60 /* Signup6View.swift in Sources */,
				F1FCE7992AC909270024AE60 /* AccountSetViewController.swift in Sources */,
				F1A5605F2A949E6800FD2E91 /* AppDelegate.swift in Sources */,
				F1FCE7A92AD03FE30024AE60 /* PasswordResetViewController.swift in Sources */,
				F1DD2CAB2A99CD0B00EE9711 /* LoginViewController.swift in Sources */,
				F1FCE76F2ABE8E4E0024AE60 /* Signup4ViewController.swift in Sources */,
				F1FCE7672ABC75A80024AE60 /* Signup2View.swift in Sources */,
				F1FCE7652ABC754C0024AE60 /* Signup2ViewController.swift in Sources */,
				F1FCE7B32AD140360024AE60 /* UserDetailProfileCardView.swift in Sources */,
				F1FCE7692ABD7E2A0024AE60 /* Signup3View.swift in Sources */,
				F1FCE7732AC023390024AE60 /* Signup5ViewController.swift in Sources */,
				F1DD2CC62A9D7AE800EE9711 /* FindIdCheckViewController.swift in Sources */,
				F1DD2CC42A9C851300EE9711 /* FindIdViewController.swift in Sources */,
				F1FCE77B2AC2C7670024AE60 /* MenteeSignup1ViewController.swift in Sources */,
				F1FCE79F2AC9795C0024AE60 /* CustomAlertView.swift in Sources */,
				F1FCE7A52ACE87C10024AE60 /* AccountConfirmView.swift in Sources */,
				F1DD2CAF2A99E57D00EE9711 /* LineTextField.swift in Sources */,
				F1DD2CCB2A9D7CD900EE9711 /* FindIdCheckView.swift in Sources */,
				F1FCE79D2AC976750024AE60 /* CustomAlertViewController.swift in Sources */,
				F1FCE76B2ABD82620024AE60 /* Signup3ViewController.swift in Sources */,
				F1A560612A949E6800FD2E91 /* SceneDelegate.swift in Sources */,
				F1DD2CB42A99FA9B00EE9711 /* NanumLabel.swift in Sources */,
				F1FCE77F2AC317600024AE60 /* SelectViewControllerProtocol.swift in Sources */,
				F1FCE78F2AC7D5FC0024AE60 /* MyPageView.swift in Sources */,
				F1FCE7972AC902F00024AE60 /* MentoringSetViewController.swift in Sources */,
				F126B1CC2AA231F60035E499 /* MentoSignup1ViewController.swift in Sources */,
				F126B1D02AA568D80035E499 /* SelectViewController.swift in Sources */,
				F1DD2CD02A9F616D00EE9711 /* FindPwViewController.swift in Sources */,
				F1DD2C8D2A95DE5C00EE9711 /* HomeViewController.swift in Sources */,
				F1DD2CBC2A9A53AC00EE9711 /* UIFont.swift in Sources */,
				F1DD2CB22A99EE9C00EE9711 /* BaseButton.swift in Sources */,
				F1FCE7B12AD136D20024AE60 /* UserDetailView.swift in Sources */,
				F1DD2CBA2A9A0F0D00EE9711 /* CheckBox.swift in Sources */,
				F1FCE7852AC318700024AE60 /* BaseButtonStyle.swift in Sources */,
				F1FCE7AB2AD03FF50024AE60 /* PasswordResetView.swift in Sources */,
				F1FCE7872AC318950024AE60 /* NanumWeightType.swift in Sources */,
				F1FCE7A72ACE88050024AE60 /* AccountConfirmViewController.swift in Sources */,
				F1FCE79B2AC94A9E0024AE60 /* AccountSetView.swift in Sources */,
				F1DD2CC02A9AEDDC00EE9711 /* UIViewController.swift in Sources */,
				F1FCE7712AC01E950024AE60 /* Signup5View.swift in Sources */,
				F1FCE7912AC825D60024AE60 /* ProfileCardView.swift in Sources */,
				F1FCE7A32ACB04830024AE60 /* UploadDocumentsView.swift in Sources */,
				F1DD2CA82A98896300EE9711 /* ExpandableView.swift in Sources */,
			);
			runOnlyForDeploymentPostprocessing = 0;
		};
/* End PBXSourcesBuildPhase section */

/* Begin PBXVariantGroup section */
		F1A560692A949E6900FD2E91 /* LaunchScreen.storyboard */ = {
			isa = PBXVariantGroup;
			children = (
				F1A5606A2A949E6900FD2E91 /* Base */,
			);
			name = LaunchScreen.storyboard;
			sourceTree = "<group>";
		};
/* End PBXVariantGroup section */

/* Begin XCBuildConfiguration section */
		F1A5606D2A949E6900FD2E91 /* Debug */ = {
			isa = XCBuildConfiguration;
			buildSettings = {
				ALWAYS_SEARCH_USER_PATHS = NO;
				CLANG_ANALYZER_NONNULL = YES;
				CLANG_ANALYZER_NUMBER_OBJECT_CONVERSION = YES_AGGRESSIVE;
				CLANG_CXX_LANGUAGE_STANDARD = "gnu++20";
				CLANG_ENABLE_MODULES = YES;
				CLANG_ENABLE_OBJC_ARC = YES;
				CLANG_ENABLE_OBJC_WEAK = YES;
				CLANG_WARN_BLOCK_CAPTURE_AUTORELEASING = YES;
				CLANG_WARN_BOOL_CONVERSION = YES;
				CLANG_WARN_COMMA = YES;
				CLANG_WARN_CONSTANT_CONVERSION = YES;
				CLANG_WARN_DEPRECATED_OBJC_IMPLEMENTATIONS = YES;
				CLANG_WARN_DIRECT_OBJC_ISA_USAGE = YES_ERROR;
				CLANG_WARN_DOCUMENTATION_COMMENTS = YES;
				CLANG_WARN_EMPTY_BODY = YES;
				CLANG_WARN_ENUM_CONVERSION = YES;
				CLANG_WARN_INFINITE_RECURSION = YES;
				CLANG_WARN_INT_CONVERSION = YES;
				CLANG_WARN_NON_LITERAL_NULL_CONVERSION = YES;
				CLANG_WARN_OBJC_IMPLICIT_RETAIN_SELF = YES;
				CLANG_WARN_OBJC_LITERAL_CONVERSION = YES;
				CLANG_WARN_OBJC_ROOT_CLASS = YES_ERROR;
				CLANG_WARN_QUOTED_INCLUDE_IN_FRAMEWORK_HEADER = YES;
				CLANG_WARN_RANGE_LOOP_ANALYSIS = YES;
				CLANG_WARN_STRICT_PROTOTYPES = YES;
				CLANG_WARN_SUSPICIOUS_MOVE = YES;
				CLANG_WARN_UNGUARDED_AVAILABILITY = YES_AGGRESSIVE;
				CLANG_WARN_UNREACHABLE_CODE = YES;
				CLANG_WARN__DUPLICATE_METHOD_MATCH = YES;
				COPY_PHASE_STRIP = NO;
				DEBUG_INFORMATION_FORMAT = dwarf;
				ENABLE_STRICT_OBJC_MSGSEND = YES;
				ENABLE_TESTABILITY = YES;
				GCC_C_LANGUAGE_STANDARD = gnu11;
				GCC_DYNAMIC_NO_PIC = NO;
				GCC_NO_COMMON_BLOCKS = YES;
				GCC_OPTIMIZATION_LEVEL = 0;
				GCC_PREPROCESSOR_DEFINITIONS = (
					"DEBUG=1",
					"$(inherited)",
				);
				GCC_WARN_64_TO_32_BIT_CONVERSION = YES;
				GCC_WARN_ABOUT_RETURN_TYPE = YES_ERROR;
				GCC_WARN_UNDECLARED_SELECTOR = YES;
				GCC_WARN_UNINITIALIZED_AUTOS = YES_AGGRESSIVE;
				GCC_WARN_UNUSED_FUNCTION = YES;
				GCC_WARN_UNUSED_VARIABLE = YES;
				INFOPLIST_KEY_CFBundleDisplayName = "도토링";
				IPHONEOS_DEPLOYMENT_TARGET = 15.4;
				MTL_ENABLE_DEBUG_INFO = INCLUDE_SOURCE;
				MTL_FAST_MATH = YES;
				ONLY_ACTIVE_ARCH = YES;
				SDKROOT = iphoneos;
				SWIFT_ACTIVE_COMPILATION_CONDITIONS = DEBUG;
				SWIFT_OPTIMIZATION_LEVEL = "-Onone";
			};
			name = Debug;
		};
		F1A5606E2A949E6900FD2E91 /* Release */ = {
			isa = XCBuildConfiguration;
			buildSettings = {
				ALWAYS_SEARCH_USER_PATHS = NO;
				CLANG_ANALYZER_NONNULL = YES;
				CLANG_ANALYZER_NUMBER_OBJECT_CONVERSION = YES_AGGRESSIVE;
				CLANG_CXX_LANGUAGE_STANDARD = "gnu++20";
				CLANG_ENABLE_MODULES = YES;
				CLANG_ENABLE_OBJC_ARC = YES;
				CLANG_ENABLE_OBJC_WEAK = YES;
				CLANG_WARN_BLOCK_CAPTURE_AUTORELEASING = YES;
				CLANG_WARN_BOOL_CONVERSION = YES;
				CLANG_WARN_COMMA = YES;
				CLANG_WARN_CONSTANT_CONVERSION = YES;
				CLANG_WARN_DEPRECATED_OBJC_IMPLEMENTATIONS = YES;
				CLANG_WARN_DIRECT_OBJC_ISA_USAGE = YES_ERROR;
				CLANG_WARN_DOCUMENTATION_COMMENTS = YES;
				CLANG_WARN_EMPTY_BODY = YES;
				CLANG_WARN_ENUM_CONVERSION = YES;
				CLANG_WARN_INFINITE_RECURSION = YES;
				CLANG_WARN_INT_CONVERSION = YES;
				CLANG_WARN_NON_LITERAL_NULL_CONVERSION = YES;
				CLANG_WARN_OBJC_IMPLICIT_RETAIN_SELF = YES;
				CLANG_WARN_OBJC_LITERAL_CONVERSION = YES;
				CLANG_WARN_OBJC_ROOT_CLASS = YES_ERROR;
				CLANG_WARN_QUOTED_INCLUDE_IN_FRAMEWORK_HEADER = YES;
				CLANG_WARN_RANGE_LOOP_ANALYSIS = YES;
				CLANG_WARN_STRICT_PROTOTYPES = YES;
				CLANG_WARN_SUSPICIOUS_MOVE = YES;
				CLANG_WARN_UNGUARDED_AVAILABILITY = YES_AGGRESSIVE;
				CLANG_WARN_UNREACHABLE_CODE = YES;
				CLANG_WARN__DUPLICATE_METHOD_MATCH = YES;
				COPY_PHASE_STRIP = NO;
				DEBUG_INFORMATION_FORMAT = "dwarf-with-dsym";
				ENABLE_NS_ASSERTIONS = NO;
				ENABLE_STRICT_OBJC_MSGSEND = YES;
				GCC_C_LANGUAGE_STANDARD = gnu11;
				GCC_NO_COMMON_BLOCKS = YES;
				GCC_WARN_64_TO_32_BIT_CONVERSION = YES;
				GCC_WARN_ABOUT_RETURN_TYPE = YES_ERROR;
				GCC_WARN_UNDECLARED_SELECTOR = YES;
				GCC_WARN_UNINITIALIZED_AUTOS = YES_AGGRESSIVE;
				GCC_WARN_UNUSED_FUNCTION = YES;
				GCC_WARN_UNUSED_VARIABLE = YES;
				INFOPLIST_KEY_CFBundleDisplayName = "도토링";
				IPHONEOS_DEPLOYMENT_TARGET = 15.4;
				MTL_ENABLE_DEBUG_INFO = NO;
				MTL_FAST_MATH = YES;
				SDKROOT = iphoneos;
				SWIFT_COMPILATION_MODE = wholemodule;
				SWIFT_OPTIMIZATION_LEVEL = "-O";
				VALIDATE_PRODUCT = YES;
			};
			name = Release;
		};
		F1A560702A949E6900FD2E91 /* Debug */ = {
			isa = XCBuildConfiguration;
			buildSettings = {
				ASSETCATALOG_COMPILER_APPICON_NAME = AppIcon;
				ASSETCATALOG_COMPILER_GLOBAL_ACCENT_COLOR_NAME = AccentColor;
				CODE_SIGN_STYLE = Automatic;
				CURRENT_PROJECT_VERSION = 1;
				DEVELOPMENT_TEAM = 3GP97WXHSG;
				GENERATE_INFOPLIST_FILE = YES;
				INFOPLIST_FILE = "dotoring-iOS/Info.plist";
				INFOPLIST_KEY_UIApplicationSupportsIndirectInputEvents = YES;
				INFOPLIST_KEY_UILaunchStoryboardName = LaunchScreen;
				INFOPLIST_KEY_UISupportedInterfaceOrientations_iPad = "UIInterfaceOrientationPortrait UIInterfaceOrientationPortraitUpsideDown UIInterfaceOrientationLandscapeLeft UIInterfaceOrientationLandscapeRight";
				INFOPLIST_KEY_UISupportedInterfaceOrientations_iPhone = "UIInterfaceOrientationPortrait UIInterfaceOrientationLandscapeLeft UIInterfaceOrientationLandscapeRight";
				LD_RUNPATH_SEARCH_PATHS = (
					"$(inherited)",
					"@executable_path/Frameworks",
				);
				MARKETING_VERSION = 1.0;
				PRODUCT_BUNDLE_IDENTIFIER = "com.rayleigh.dotoring-iOS";
				PRODUCT_NAME = "$(TARGET_NAME)";
				SWIFT_EMIT_LOC_STRINGS = YES;
				SWIFT_VERSION = 5.0;
				TARGETED_DEVICE_FAMILY = "1,2";
			};
			name = Debug;
		};
		F1A560712A949E6900FD2E91 /* Release */ = {
			isa = XCBuildConfiguration;
			buildSettings = {
				ASSETCATALOG_COMPILER_APPICON_NAME = AppIcon;
				ASSETCATALOG_COMPILER_GLOBAL_ACCENT_COLOR_NAME = AccentColor;
				CODE_SIGN_STYLE = Automatic;
				CURRENT_PROJECT_VERSION = 1;
				DEVELOPMENT_TEAM = 3GP97WXHSG;
				GENERATE_INFOPLIST_FILE = YES;
				INFOPLIST_FILE = "dotoring-iOS/Info.plist";
				INFOPLIST_KEY_UIApplicationSupportsIndirectInputEvents = YES;
				INFOPLIST_KEY_UILaunchStoryboardName = LaunchScreen;
				INFOPLIST_KEY_UISupportedInterfaceOrientations_iPad = "UIInterfaceOrientationPortrait UIInterfaceOrientationPortraitUpsideDown UIInterfaceOrientationLandscapeLeft UIInterfaceOrientationLandscapeRight";
				INFOPLIST_KEY_UISupportedInterfaceOrientations_iPhone = "UIInterfaceOrientationPortrait UIInterfaceOrientationLandscapeLeft UIInterfaceOrientationLandscapeRight";
				LD_RUNPATH_SEARCH_PATHS = (
					"$(inherited)",
					"@executable_path/Frameworks",
				);
				MARKETING_VERSION = 1.0;
				PRODUCT_BUNDLE_IDENTIFIER = "com.rayleigh.dotoring-iOS";
				PRODUCT_NAME = "$(TARGET_NAME)";
				SWIFT_EMIT_LOC_STRINGS = YES;
				SWIFT_VERSION = 5.0;
				TARGETED_DEVICE_FAMILY = "1,2";
			};
			name = Release;
		};
/* End XCBuildConfiguration section */

/* Begin XCConfigurationList section */
		F1A560562A949E6800FD2E91 /* Build configuration list for PBXProject "dotoring-iOS" */ = {
			isa = XCConfigurationList;
			buildConfigurations = (
				F1A5606D2A949E6900FD2E91 /* Debug */,
				F1A5606E2A949E6900FD2E91 /* Release */,
			);
			defaultConfigurationIsVisible = 0;
			defaultConfigurationName = Release;
		};
		F1A5606F2A949E6900FD2E91 /* Build configuration list for PBXNativeTarget "dotoring-iOS" */ = {
			isa = XCConfigurationList;
			buildConfigurations = (
				F1A560702A949E6900FD2E91 /* Debug */,
				F1A560712A949E6900FD2E91 /* Release */,
			);
			defaultConfigurationIsVisible = 0;
			defaultConfigurationName = Release;
		};
/* End XCConfigurationList section */

/* Begin XCRemoteSwiftPackageReference section */
		F1A560722A94A42B00FD2E91 /* XCRemoteSwiftPackageReference "Kingfisher" */ = {
			isa = XCRemoteSwiftPackageReference;
			repositoryURL = "https://github.com/onevcat/Kingfisher.git";
			requirement = {
				kind = upToNextMajorVersion;
				minimumVersion = 7.0.0;
			};
		};
		F1DD2C8E2A95E26600EE9711 /* XCRemoteSwiftPackageReference "SnapKit" */ = {
			isa = XCRemoteSwiftPackageReference;
			repositoryURL = "https://github.com/SnapKit/SnapKit";
			requirement = {
				kind = upToNextMajorVersion;
				minimumVersion = 5.0.0;
			};
		};
/* End XCRemoteSwiftPackageReference section */

/* Begin XCSwiftPackageProductDependency section */
		F1A560732A94A42B00FD2E91 /* Kingfisher */ = {
			isa = XCSwiftPackageProductDependency;
			package = F1A560722A94A42B00FD2E91 /* XCRemoteSwiftPackageReference "Kingfisher" */;
			productName = Kingfisher;
		};
		F1DD2C8F2A95E26600EE9711 /* SnapKit */ = {
			isa = XCSwiftPackageProductDependency;
			package = F1DD2C8E2A95E26600EE9711 /* XCRemoteSwiftPackageReference "SnapKit" */;
			productName = SnapKit;
		};
/* End XCSwiftPackageProductDependency section */
	};
	rootObject = F1A560532A949E6800FD2E91 /* Project object */;
}
