// !$*UTF8*$!
{
	archiveVersion = 1;
	classes = {
	};
	objectVersion = 56;
	objects = {

/* Begin PBXBuildFile section */
		F1A5605F2A949E6800FD2E91 /* AppDelegate.swift in Sources */ = {isa = PBXBuildFile; fileRef = F1A5605E2A949E6800FD2E91 /* AppDelegate.swift */; };
		F1A560612A949E6800FD2E91 /* SceneDelegate.swift in Sources */ = {isa = PBXBuildFile; fileRef = F1A560602A949E6800FD2E91 /* SceneDelegate.swift */; };
		F1A560632A949E6800FD2E91 /* ViewController.swift in Sources */ = {isa = PBXBuildFile; fileRef = F1A560622A949E6800FD2E91 /* ViewController.swift */; };
		F1A560682A949E6900FD2E91 /* Assets.xcassets in Resources */ = {isa = PBXBuildFile; fileRef = F1A560672A949E6900FD2E91 /* Assets.xcassets */; };
		F1A5606B2A949E6900FD2E91 /* LaunchScreen.storyboard in Resources */ = {isa = PBXBuildFile; fileRef = F1A560692A949E6900FD2E91 /* LaunchScreen.storyboard */; };
		F1A560742A94A42B00FD2E91 /* Kingfisher in Frameworks */ = {isa = PBXBuildFile; productRef = F1A560732A94A42B00FD2E91 /* Kingfisher */; };
/* End PBXBuildFile section */

/* Begin PBXFileReference section */
		F1A5605B2A949E6800FD2E91 /* dotoring-iOS.app */ = {isa = PBXFileReference; explicitFileType = wrapper.application; includeInIndex = 0; path = "dotoring-iOS.app"; sourceTree = BUILT_PRODUCTS_DIR; };
		F1A5605E2A949E6800FD2E91 /* AppDelegate.swift */ = {isa = PBXFileReference; lastKnownFileType = sourcecode.swift; path = AppDelegate.swift; sourceTree = "<group>"; };
		F1A560602A949E6800FD2E91 /* SceneDelegate.swift */ = {isa = PBXFileReference; lastKnownFileType = sourcecode.swift; path = SceneDelegate.swift; sourceTree = "<group>"; };
		F1A560622A949E6800FD2E91 /* ViewController.swift */ = {isa = PBXFileReference; lastKnownFileType = sourcecode.swift; path = ViewController.swift; sourceTree = "<group>"; };
		F1A560672A949E6900FD2E91 /* Assets.xcassets */ = {isa = PBXFileReference; lastKnownFileType = folder.assetcatalog; path = Assets.xcassets; sourceTree = "<group>"; };
		F1A5606A2A949E6900FD2E91 /* Base */ = {isa = PBXFileReference; lastKnownFileType = file.storyboard; name = Base; path = Base.lproj/LaunchScreen.storyboard; sourceTree = "<group>"; };
		F1A5606C2A949E6900FD2E91 /* Info.plist */ = {isa = PBXFileReference; lastKnownFileType = text.plist.xml; path = Info.plist; sourceTree = "<group>"; };
		F1A560772A94AE4F00FD2E91 /* NanumSquareOTF_acEB.otf */ = {isa = PBXFileReference; lastKnownFileType = file; path = NanumSquareOTF_acEB.otf; sourceTree = "<group>"; };
		F1A560782A94AE5000FD2E91 /* NanumSquareOTF_acL.otf */ = {isa = PBXFileReference; lastKnownFileType = file; path = NanumSquareOTF_acL.otf; sourceTree = "<group>"; };
		F1A560792A94AE5000FD2E91 /* NanumSquareL.otf */ = {isa = PBXFileReference; lastKnownFileType = file; path = NanumSquareL.otf; sourceTree = "<group>"; };
		F1A5607A2A94AE5000FD2E91 /* NanumSquareOTF_acR.otf */ = {isa = PBXFileReference; lastKnownFileType = file; path = NanumSquareOTF_acR.otf; sourceTree = "<group>"; };
		F1A5607B2A94AE5000FD2E91 /* NanumSquareR.otf */ = {isa = PBXFileReference; lastKnownFileType = file; path = NanumSquareR.otf; sourceTree = "<group>"; };
		F1A5607C2A94AE5000FD2E91 /* NanumSquareOTF_acB.otf */ = {isa = PBXFileReference; lastKnownFileType = file; path = NanumSquareOTF_acB.otf; sourceTree = "<group>"; };
		F1A5607D2A94AE5000FD2E91 /* NanumSquareB.otf */ = {isa = PBXFileReference; lastKnownFileType = file; path = NanumSquareB.otf; sourceTree = "<group>"; };
		F1A5607E2A94AE5000FD2E91 /* NanumSquareEB.otf */ = {isa = PBXFileReference; lastKnownFileType = file; path = NanumSquareEB.otf; sourceTree = "<group>"; };
/* End PBXFileReference section */

/* Begin PBXFrameworksBuildPhase section */
		F1A560582A949E6800FD2E91 /* Frameworks */ = {
			isa = PBXFrameworksBuildPhase;
			buildActionMask = 2147483647;
			files = (
				F1A560742A94A42B00FD2E91 /* Kingfisher in Frameworks */,
			);
			runOnlyForDeploymentPostprocessing = 0;
		};
/* End PBXFrameworksBuildPhase section */

/* Begin PBXGroup section */
		F1A560522A949E6800FD2E91 = {
			isa = PBXGroup;
			children = (
				F1A5605D2A949E6800FD2E91 /* dotoring-iOS */,
				F1A5605C2A949E6800FD2E91 /* Products */,
			);
			sourceTree = "<group>";
		};
		F1A5605C2A949E6800FD2E91 /* Products */ = {
			isa = PBXGroup;
			children = (
				F1A5605B2A949E6800FD2E91 /* dotoring-iOS.app */,
			);
			name = Products;
			sourceTree = "<group>";
		};
		F1A5605D2A949E6800FD2E91 /* dotoring-iOS */ = {
			isa = PBXGroup;
			children = (
				F1A560762A94ADEF00FD2E91 /* Fonts */,
				F1A5605E2A949E6800FD2E91 /* AppDelegate.swift */,
				F1A560602A949E6800FD2E91 /* SceneDelegate.swift */,
				F1A560622A949E6800FD2E91 /* ViewController.swift */,
				F1A560672A949E6900FD2E91 /* Assets.xcassets */,
				F1A560692A949E6900FD2E91 /* LaunchScreen.storyboard */,
				F1A5606C2A949E6900FD2E91 /* Info.plist */,
			);
			path = "dotoring-iOS";
			sourceTree = "<group>";
		};
		F1A560762A94ADEF00FD2E91 /* Fonts */ = {
			isa = PBXGroup;
			children = (
				F1A5607F2A94AE5900FD2E91 /* NanumSquare */,
			);
			path = Fonts;
			sourceTree = "<group>";
		};
		F1A5607F2A94AE5900FD2E91 /* NanumSquare */ = {
			isa = PBXGroup;
			children = (
				F1A5607D2A94AE5000FD2E91 /* NanumSquareB.otf */,
				F1A5607E2A94AE5000FD2E91 /* NanumSquareEB.otf */,
				F1A560792A94AE5000FD2E91 /* NanumSquareL.otf */,
				F1A5607C2A94AE5000FD2E91 /* NanumSquareOTF_acB.otf */,
				F1A560772A94AE4F00FD2E91 /* NanumSquareOTF_acEB.otf */,
				F1A560782A94AE5000FD2E91 /* NanumSquareOTF_acL.otf */,
				F1A5607A2A94AE5000FD2E91 /* NanumSquareOTF_acR.otf */,
				F1A5607B2A94AE5000FD2E91 /* NanumSquareR.otf */,
			);
			path = NanumSquare;
			sourceTree = "<group>";
		};
/* End PBXGroup section */

/* Begin PBXNativeTarget section */
		F1A5605A2A949E6800FD2E91 /* dotoring-iOS */ = {
			isa = PBXNativeTarget;
			buildConfigurationList = F1A5606F2A949E6900FD2E91 /* Build configuration list for PBXNativeTarget "dotoring-iOS" */;
			buildPhases = (
				F1A560572A949E6800FD2E91 /* Sources */,
				F1A560582A949E6800FD2E91 /* Frameworks */,
				F1A560592A949E6800FD2E91 /* Resources */,
			);
			buildRules = (
			);
			dependencies = (
			);
			name = "dotoring-iOS";
			packageProductDependencies = (
				F1A560732A94A42B00FD2E91 /* Kingfisher */,
			);
			productName = "dotoring-iOS";
			productReference = F1A5605B2A949E6800FD2E91 /* dotoring-iOS.app */;
			productType = "com.apple.product-type.application";
		};
/* End PBXNativeTarget section */

/* Begin PBXProject section */
		F1A560532A949E6800FD2E91 /* Project object */ = {
			isa = PBXProject;
			attributes = {
				BuildIndependentTargetsInParallel = 1;
				LastSwiftUpdateCheck = 1420;
				LastUpgradeCheck = 1420;
				TargetAttributes = {
					F1A5605A2A949E6800FD2E91 = {
						CreatedOnToolsVersion = 14.2;
					};
				};
			};
			buildConfigurationList = F1A560562A949E6800FD2E91 /* Build configuration list for PBXProject "dotoring-iOS" */;
			compatibilityVersion = "Xcode 14.0";
			developmentRegion = en;
			hasScannedForEncodings = 0;
			knownRegions = (
				en,
				Base,
			);
			mainGroup = F1A560522A949E6800FD2E91;
			packageReferences = (
				F1A560722A94A42B00FD2E91 /* XCRemoteSwiftPackageReference "Kingfisher" */,
				F1A560752A94A46600FD2E91 /* XCRemoteSwiftPackageReference "SnapKit" */,
			);
			productRefGroup = F1A5605C2A949E6800FD2E91 /* Products */;
			projectDirPath = "";
			projectRoot = "";
			targets = (
				F1A5605A2A949E6800FD2E91 /* dotoring-iOS */,
			);
		};
/* End PBXProject section */

/* Begin PBXResourcesBuildPhase section */
		F1A560592A949E6800FD2E91 /* Resources */ = {
			isa = PBXResourcesBuildPhase;
			buildActionMask = 2147483647;
			files = (
				F1A5606B2A949E6900FD2E91 /* LaunchScreen.storyboard in Resources */,
				F1A560682A949E6900FD2E91 /* Assets.xcassets in Resources */,
			);
			runOnlyForDeploymentPostprocessing = 0;
		};
/* End PBXResourcesBuildPhase section */

/* Begin PBXSourcesBuildPhase section */
		F1A560572A949E6800FD2E91 /* Sources */ = {
			isa = PBXSourcesBuildPhase;
			buildActionMask = 2147483647;
			files = (
				F1A560632A949E6800FD2E91 /* ViewController.swift in Sources */,
				F1A5605F2A949E6800FD2E91 /* AppDelegate.swift in Sources */,
				F1A560612A949E6800FD2E91 /* SceneDelegate.swift in Sources */,
			);
			runOnlyForDeploymentPostprocessing = 0;
		};
/* End PBXSourcesBuildPhase section */

/* Begin PBXVariantGroup section */
		F1A560692A949E6900FD2E91 /* LaunchScreen.storyboard */ = {
			isa = PBXVariantGroup;
			children = (
				F1A5606A2A949E6900FD2E91 /* Base */,
			);
			name = LaunchScreen.storyboard;
			sourceTree = "<group>";
		};
/* End PBXVariantGroup section */

/* Begin XCBuildConfiguration section */
		F1A5606D2A949E6900FD2E91 /* Debug */ = {
			isa = XCBuildConfiguration;
			buildSettings = {
				ALWAYS_SEARCH_USER_PATHS = NO;
				CLANG_ANALYZER_NONNULL = YES;
				CLANG_ANALYZER_NUMBER_OBJECT_CONVERSION = YES_AGGRESSIVE;
				CLANG_CXX_LANGUAGE_STANDARD = "gnu++20";
				CLANG_ENABLE_MODULES = YES;
				CLANG_ENABLE_OBJC_ARC = YES;
				CLANG_ENABLE_OBJC_WEAK = YES;
				CLANG_WARN_BLOCK_CAPTURE_AUTORELEASING = YES;
				CLANG_WARN_BOOL_CONVERSION = YES;
				CLANG_WARN_COMMA = YES;
				CLANG_WARN_CONSTANT_CONVERSION = YES;
				CLANG_WARN_DEPRECATED_OBJC_IMPLEMENTATIONS = YES;
				CLANG_WARN_DIRECT_OBJC_ISA_USAGE = YES_ERROR;
				CLANG_WARN_DOCUMENTATION_COMMENTS = YES;
				CLANG_WARN_EMPTY_BODY = YES;
				CLANG_WARN_ENUM_CONVERSION = YES;
				CLANG_WARN_INFINITE_RECURSION = YES;
				CLANG_WARN_INT_CONVERSION = YES;
				CLANG_WARN_NON_LITERAL_NULL_CONVERSION = YES;
				CLANG_WARN_OBJC_IMPLICIT_RETAIN_SELF = YES;
				CLANG_WARN_OBJC_LITERAL_CONVERSION = YES;
				CLANG_WARN_OBJC_ROOT_CLASS = YES_ERROR;
				CLANG_WARN_QUOTED_INCLUDE_IN_FRAMEWORK_HEADER = YES;
				CLANG_WARN_RANGE_LOOP_ANALYSIS = YES;
				CLANG_WARN_STRICT_PROTOTYPES = YES;
				CLANG_WARN_SUSPICIOUS_MOVE = YES;
				CLANG_WARN_UNGUARDED_AVAILABILITY = YES_AGGRESSIVE;
				CLANG_WARN_UNREACHABLE_CODE = YES;
				CLANG_WARN__DUPLICATE_METHOD_MATCH = YES;
				COPY_PHASE_STRIP = NO;
				DEBUG_INFORMATION_FORMAT = dwarf;
				ENABLE_STRICT_OBJC_MSGSEND = YES;
				ENABLE_TESTABILITY = YES;
				GCC_C_LANGUAGE_STANDARD = gnu11;
				GCC_DYNAMIC_NO_PIC = NO;
				GCC_NO_COMMON_BLOCKS = YES;
				GCC_OPTIMIZATION_LEVEL = 0;
				GCC_PREPROCESSOR_DEFINITIONS = (
					"DEBUG=1",
					"$(inherited)",
				);
				GCC_WARN_64_TO_32_BIT_CONVERSION = YES;
				GCC_WARN_ABOUT_RETURN_TYPE = YES_ERROR;
				GCC_WARN_UNDECLARED_SELECTOR = YES;
				GCC_WARN_UNINITIALIZED_AUTOS = YES_AGGRESSIVE;
				GCC_WARN_UNUSED_FUNCTION = YES;
				GCC_WARN_UNUSED_VARIABLE = YES;
				IPHONEOS_DEPLOYMENT_TARGET = 16.2;
				MTL_ENABLE_DEBUG_INFO = INCLUDE_SOURCE;
				MTL_FAST_MATH = YES;
				ONLY_ACTIVE_ARCH = YES;
				SDKROOT = iphoneos;
				SWIFT_ACTIVE_COMPILATION_CONDITIONS = DEBUG;
				SWIFT_OPTIMIZATION_LEVEL = "-Onone";
			};
			name = Debug;
		};
		F1A5606E2A949E6900FD2E91 /* Release */ = {
			isa = XCBuildConfiguration;
			buildSettings = {
				ALWAYS_SEARCH_USER_PATHS = NO;
				CLANG_ANALYZER_NONNULL = YES;
				CLANG_ANALYZER_NUMBER_OBJECT_CONVERSION = YES_AGGRESSIVE;
				CLANG_CXX_LANGUAGE_STANDARD = "gnu++20";
				CLANG_ENABLE_MODULES = YES;
				CLANG_ENABLE_OBJC_ARC = YES;
				CLANG_ENABLE_OBJC_WEAK = YES;
				CLANG_WARN_BLOCK_CAPTURE_AUTORELEASING = YES;
				CLANG_WARN_BOOL_CONVERSION = YES;
				CLANG_WARN_COMMA = YES;
				CLANG_WARN_CONSTANT_CONVERSION = YES;
				CLANG_WARN_DEPRECATED_OBJC_IMPLEMENTATIONS = YES;
				CLANG_WARN_DIRECT_OBJC_ISA_USAGE = YES_ERROR;
				CLANG_WARN_DOCUMENTATION_COMMENTS = YES;
				CLANG_WARN_EMPTY_BODY = YES;
				CLANG_WARN_ENUM_CONVERSION = YES;
				CLANG_WARN_INFINITE_RECURSION = YES;
				CLANG_WARN_INT_CONVERSION = YES;
				CLANG_WARN_NON_LITERAL_NULL_CONVERSION = YES;
				CLANG_WARN_OBJC_IMPLICIT_RETAIN_SELF = YES;
				CLANG_WARN_OBJC_LITERAL_CONVERSION = YES;
				CLANG_WARN_OBJC_ROOT_CLASS = YES_ERROR;
				CLANG_WARN_QUOTED_INCLUDE_IN_FRAMEWORK_HEADER = YES;
				CLANG_WARN_RANGE_LOOP_ANALYSIS = YES;
				CLANG_WARN_STRICT_PROTOTYPES = YES;
				CLANG_WARN_SUSPICIOUS_MOVE = YES;
				CLANG_WARN_UNGUARDED_AVAILABILITY = YES_AGGRESSIVE;
				CLANG_WARN_UNREACHABLE_CODE = YES;
				CLANG_WARN__DUPLICATE_METHOD_MATCH = YES;
				COPY_PHASE_STRIP = NO;
				DEBUG_INFORMATION_FORMAT = "dwarf-with-dsym";
				ENABLE_NS_ASSERTIONS = NO;
				ENABLE_STRICT_OBJC_MSGSEND = YES;
				GCC_C_LANGUAGE_STANDARD = gnu11;
				GCC_NO_COMMON_BLOCKS = YES;
				GCC_WARN_64_TO_32_BIT_CONVERSION = YES;
				GCC_WARN_ABOUT_RETURN_TYPE = YES_ERROR;
				GCC_WARN_UNDECLARED_SELECTOR = YES;
				GCC_WARN_UNINITIALIZED_AUTOS = YES_AGGRESSIVE;
				GCC_WARN_UNUSED_FUNCTION = YES;
				GCC_WARN_UNUSED_VARIABLE = YES;
				IPHONEOS_DEPLOYMENT_TARGET = 16.2;
				MTL_ENABLE_DEBUG_INFO = NO;
				MTL_FAST_MATH = YES;
				SDKROOT = iphoneos;
				SWIFT_COMPILATION_MODE = wholemodule;
				SWIFT_OPTIMIZATION_LEVEL = "-O";
				VALIDATE_PRODUCT = YES;
			};
			name = Release;
		};
		F1A560702A949E6900FD2E91 /* Debug */ = {
			isa = XCBuildConfiguration;
			buildSettings = {
				ASSETCATALOG_COMPILER_APPICON_NAME = AppIcon;
				ASSETCATALOG_COMPILER_GLOBAL_ACCENT_COLOR_NAME = AccentColor;
				CODE_SIGN_STYLE = Automatic;
				CURRENT_PROJECT_VERSION = 1;
				DEVELOPMENT_TEAM = 3GP97WXHSG;
				GENERATE_INFOPLIST_FILE = YES;
				INFOPLIST_FILE = "dotoring-iOS/Info.plist";
				INFOPLIST_KEY_UIApplicationSupportsIndirectInputEvents = YES;
				INFOPLIST_KEY_UILaunchStoryboardName = LaunchScreen;
				INFOPLIST_KEY_UISupportedInterfaceOrientations_iPad = "UIInterfaceOrientationPortrait UIInterfaceOrientationPortraitUpsideDown UIInterfaceOrientationLandscapeLeft UIInterfaceOrientationLandscapeRight";
				INFOPLIST_KEY_UISupportedInterfaceOrientations_iPhone = "UIInterfaceOrientationPortrait UIInterfaceOrientationLandscapeLeft UIInterfaceOrientationLandscapeRight";
				LD_RUNPATH_SEARCH_PATHS = (
					"$(inherited)",
					"@executable_path/Frameworks",
				);
				MARKETING_VERSION = 1.0;
				PRODUCT_BUNDLE_IDENTIFIER = "com.rayleigh.dotoring-iOS";
				PRODUCT_NAME = "$(TARGET_NAME)";
				SWIFT_EMIT_LOC_STRINGS = YES;
				SWIFT_VERSION = 5.0;
				TARGETED_DEVICE_FAMILY = "1,2";
			};
			name = Debug;
		};
		F1A560712A949E6900FD2E91 /* Release */ = {
			isa = XCBuildConfiguration;
			buildSettings = {
				ASSETCATALOG_COMPILER_APPICON_NAME = AppIcon;
				ASSETCATALOG_COMPILER_GLOBAL_ACCENT_COLOR_NAME = AccentColor;
				CODE_SIGN_STYLE = Automatic;
				CURRENT_PROJECT_VERSION = 1;
				DEVELOPMENT_TEAM = 3GP97WXHSG;
				GENERATE_INFOPLIST_FILE = YES;
				INFOPLIST_FILE = "dotoring-iOS/Info.plist";
				INFOPLIST_KEY_UIApplicationSupportsIndirectInputEvents = YES;
				INFOPLIST_KEY_UILaunchStoryboardName = LaunchScreen;
				INFOPLIST_KEY_UISupportedInterfaceOrientations_iPad = "UIInterfaceOrientationPortrait UIInterfaceOrientationPortraitUpsideDown UIInterfaceOrientationLandscapeLeft UIInterfaceOrientationLandscapeRight";
				INFOPLIST_KEY_UISupportedInterfaceOrientations_iPhone = "UIInterfaceOrientationPortrait UIInterfaceOrientationLandscapeLeft UIInterfaceOrientationLandscapeRight";
				LD_RUNPATH_SEARCH_PATHS = (
					"$(inherited)",
					"@executable_path/Frameworks",
				);
				MARKETING_VERSION = 1.0;
				PRODUCT_BUNDLE_IDENTIFIER = "com.rayleigh.dotoring-iOS";
				PRODUCT_NAME = "$(TARGET_NAME)";
				SWIFT_EMIT_LOC_STRINGS = YES;
				SWIFT_VERSION = 5.0;
				TARGETED_DEVICE_FAMILY = "1,2";
			};
			name = Release;
		};
/* End XCBuildConfiguration section */

/* Begin XCConfigurationList section */
		F1A560562A949E6800FD2E91 /* Build configuration list for PBXProject "dotoring-iOS" */ = {
			isa = XCConfigurationList;
			buildConfigurations = (
				F1A5606D2A949E6900FD2E91 /* Debug */,
				F1A5606E2A949E6900FD2E91 /* Release */,
			);
			defaultConfigurationIsVisible = 0;
			defaultConfigurationName = Release;
		};
		F1A5606F2A949E6900FD2E91 /* Build configuration list for PBXNativeTarget "dotoring-iOS" */ = {
			isa = XCConfigurationList;
			buildConfigurations = (
				F1A560702A949E6900FD2E91 /* Debug */,
				F1A560712A949E6900FD2E91 /* Release */,
			);
			defaultConfigurationIsVisible = 0;
			defaultConfigurationName = Release;
		};
/* End XCConfigurationList section */

/* Begin XCRemoteSwiftPackageReference section */
		F1A560722A94A42B00FD2E91 /* XCRemoteSwiftPackageReference "Kingfisher" */ = {
			isa = XCRemoteSwiftPackageReference;
			repositoryURL = "https://github.com/onevcat/Kingfisher.git";
			requirement = {
				kind = upToNextMajorVersion;
				minimumVersion = 7.0.0;
			};
		};
		F1A560752A94A46600FD2E91 /* XCRemoteSwiftPackageReference "SnapKit" */ = {
			isa = XCRemoteSwiftPackageReference;
			repositoryURL = "https://github.com/SnapKit/SnapKit.git";
			requirement = {
				kind = upToNextMajorVersion;
				minimumVersion = 5.0.0;
			};
		};
/* End XCRemoteSwiftPackageReference section */

/* Begin XCSwiftPackageProductDependency section */
		F1A560732A94A42B00FD2E91 /* Kingfisher */ = {
			isa = XCSwiftPackageProductDependency;
			package = F1A560722A94A42B00FD2E91 /* XCRemoteSwiftPackageReference "Kingfisher" */;
			productName = Kingfisher;
		};
/* End XCSwiftPackageProductDependency section */
	};
	rootObject = F1A560532A949E6800FD2E91 /* Project object */;
}
