// !$*UTF8*$!
{
	archiveVersion = 1;
	classes = {
	};
	objectVersion = 56;
	objects = {

/* Begin PBXBuildFile section */
		F11FCBAA2B3452E500CED2A0 /* SignupNetworkService.swift in Sources */ = {isa = PBXBuildFile; fileRef = F11FCBA92B3452E500CED2A0 /* SignupNetworkService.swift */; };
		F11FCBAC2B34544C00CED2A0 /* SignupRouter.swift in Sources */ = {isa = PBXBuildFile; fileRef = F11FCBAB2B34544C00CED2A0 /* SignupRouter.swift */; };
		F11FCBAE2B3455F600CED2A0 /* SignupModel.swift in Sources */ = {isa = PBXBuildFile; fileRef = F11FCBAD2B3455F600CED2A0 /* SignupModel.swift */; };
		F126B1C52AA0AFB60035E499 /* IntroViewController.swift in Sources */ = {isa = PBXBuildFile; fileRef = F126B1C42AA0AFB60035E499 /* IntroViewController.swift */; };
		F126B1CC2AA231F60035E499 /* MentoSignup1ViewController.swift in Sources */ = {isa = PBXBuildFile; fileRef = F126B1CB2AA231F60035E499 /* MentoSignup1ViewController.swift */; };
		F126B1CE2AA41D7A0035E499 /* SignupStepBar.swift in Sources */ = {isa = PBXBuildFile; fileRef = F126B1CD2AA41D7A0035E499 /* SignupStepBar.swift */; };
		F126B1D02AA568D80035E499 /* SelectViewController.swift in Sources */ = {isa = PBXBuildFile; fileRef = F126B1CF2AA568D80035E499 /* SelectViewController.swift */; };
		F126B1D42AA6F6CF0035E499 /* SelectView.swift in Sources */ = {isa = PBXBuildFile; fileRef = F126B1D32AA6F6CF0035E499 /* SelectView.swift */; };
		F126B1D72AA6FB780035E499 /* SelectedElementView.swift in Sources */ = {isa = PBXBuildFile; fileRef = F126B1D62AA6FB780035E499 /* SelectedElementView.swift */; };
		F18E50DD2B2C0B3300D427A0 /* TagTextField.swift in Sources */ = {isa = PBXBuildFile; fileRef = F18E50DC2B2C0B3300D427A0 /* TagTextField.swift */; };
		F1A47DA92B32FAF900D51645 /* UIResponder.swift in Sources */ = {isa = PBXBuildFile; fileRef = F1A47DA82B32FAF900D51645 /* UIResponder.swift */; };
		F1A47DAB2B32FB2F00D51645 /* KeyboardEventProtocol.swift in Sources */ = {isa = PBXBuildFile; fileRef = F1A47DAA2B32FB2F00D51645 /* KeyboardEventProtocol.swift */; };
		F1A5605F2A949E6800FD2E91 /* AppDelegate.swift in Sources */ = {isa = PBXBuildFile; fileRef = F1A5605E2A949E6800FD2E91 /* AppDelegate.swift */; };
		F1A560612A949E6800FD2E91 /* SceneDelegate.swift in Sources */ = {isa = PBXBuildFile; fileRef = F1A560602A949E6800FD2E91 /* SceneDelegate.swift */; };
		F1A560632A949E6800FD2E91 /* MainTapBarController.swift in Sources */ = {isa = PBXBuildFile; fileRef = F1A560622A949E6800FD2E91 /* MainTapBarController.swift */; };
		F1A560682A949E6900FD2E91 /* Assets.xcassets in Resources */ = {isa = PBXBuildFile; fileRef = F1A560672A949E6900FD2E91 /* Assets.xcassets */; };
		F1A5606B2A949E6900FD2E91 /* LaunchScreen.storyboard in Resources */ = {isa = PBXBuildFile; fileRef = F1A560692A949E6900FD2E91 /* LaunchScreen.storyboard */; };
		F1A560742A94A42B00FD2E91 /* Kingfisher in Frameworks */ = {isa = PBXBuildFile; productRef = F1A560732A94A42B00FD2E91 /* Kingfisher */; };
		F1C3A32E2B4011CB0041907B /* MultipartNetworkManager.swift in Sources */ = {isa = PBXBuildFile; fileRef = F1C3A32D2B4011CB0041907B /* MultipartNetworkManager.swift */; };
		F1C3A3302B4011F10041907B /* MultipartInterceptor.swift in Sources */ = {isa = PBXBuildFile; fileRef = F1C3A32F2B4011F10041907B /* MultipartInterceptor.swift */; };
		F1CA7E4B2AF4CF2D002D733E /* MenuBarView.swift in Sources */ = {isa = PBXBuildFile; fileRef = F1CA7E4A2AF4CF2D002D733E /* MenuBarView.swift */; };
		F1CA7E4E2AFCBA5A002D733E /* Alamofire in Frameworks */ = {isa = PBXBuildFile; productRef = F1CA7E4D2AFCBA5A002D733E /* Alamofire */; };
		F1CA7E512AFCC30E002D733E /* Constants.swift in Sources */ = {isa = PBXBuildFile; fileRef = F1CA7E502AFCC30E002D733E /* Constants.swift */; };
		F1CA7E542AFCE056002D733E /* BaseNetworkManager.swift in Sources */ = {isa = PBXBuildFile; fileRef = F1CA7E532AFCE056002D733E /* BaseNetworkManager.swift */; };
		F1CA7E562AFCE127002D733E /* BaseInterceptor.swift in Sources */ = {isa = PBXBuildFile; fileRef = F1CA7E552AFCE127002D733E /* BaseInterceptor.swift */; };
		F1CA7E582AFCE7AB002D733E /* BaseLogger.swift in Sources */ = {isa = PBXBuildFile; fileRef = F1CA7E572AFCE7AB002D733E /* BaseLogger.swift */; };
		F1CA7E5A2AFCE9B0002D733E /* BaseRouter.swift in Sources */ = {isa = PBXBuildFile; fileRef = F1CA7E592AFCE9B0002D733E /* BaseRouter.swift */; };
		F1CA7E5D2AFCFE17002D733E /* Model.swift in Sources */ = {isa = PBXBuildFile; fileRef = F1CA7E5C2AFCFE17002D733E /* Model.swift */; };
		F1CA7E5F2AFD2620002D733E /* Secrets.plist in Resources */ = {isa = PBXBuildFile; fileRef = F1CA7E5E2AFD2620002D733E /* Secrets.plist */; };
		F1CA7E612AFD26AE002D733E /* Bundle.swift in Sources */ = {isa = PBXBuildFile; fileRef = F1CA7E602AFD26AE002D733E /* Bundle.swift */; };
		F1CA7E662AFDB280002D733E /* JWTDecode in Frameworks */ = {isa = PBXBuildFile; productRef = F1CA7E652AFDB280002D733E /* JWTDecode */; };
		F1CA7E6A2AFDD5D1002D733E /* KeyChain.swift in Sources */ = {isa = PBXBuildFile; fileRef = F1CA7E692AFDD5D1002D733E /* KeyChain.swift */; };
		F1CA7E6D2AFFD17E002D733E /* HomeRouter.swift in Sources */ = {isa = PBXBuildFile; fileRef = F1CA7E6C2AFFD17E002D733E /* HomeRouter.swift */; };
		F1CA7E702AFFD487002D733E /* APINetworkManager.swift in Sources */ = {isa = PBXBuildFile; fileRef = F1CA7E6F2AFFD487002D733E /* APINetworkManager.swift */; };
		F1CA7E732B00E818002D733E /* OAuthAuthenticator.swift in Sources */ = {isa = PBXBuildFile; fileRef = F1CA7E722B00E818002D733E /* OAuthAuthenticator.swift */; };
		F1CA7E752B00E83E002D733E /* OAuthCredential.swift in Sources */ = {isa = PBXBuildFile; fileRef = F1CA7E742B00E83E002D733E /* OAuthCredential.swift */; };
		F1CA7E782B024B0D002D733E /* HomeModel.swift in Sources */ = {isa = PBXBuildFile; fileRef = F1CA7E772B024B0D002D733E /* HomeModel.swift */; };
		F1CA7E7A2B04F163002D733E /* UserDetailModel.swift in Sources */ = {isa = PBXBuildFile; fileRef = F1CA7E792B04F163002D733E /* UserDetailModel.swift */; };
		F1CA7E7D2B0854B3002D733E /* CommonNetworkService.swift in Sources */ = {isa = PBXBuildFile; fileRef = F1CA7E7C2B0854B3002D733E /* CommonNetworkService.swift */; };
		F1CA7E7F2B087E69002D733E /* Alert.swift in Sources */ = {isa = PBXBuildFile; fileRef = F1CA7E7E2B087E69002D733E /* Alert.swift */; };
		F1CA7E822B0CA51B002D733E /* Toast in Frameworks */ = {isa = PBXBuildFile; productRef = F1CA7E812B0CA51B002D733E /* Toast */; };
		F1CA7E842B0F17BD002D733E /* Error.swift in Sources */ = {isa = PBXBuildFile; fileRef = F1CA7E832B0F17BD002D733E /* Error.swift */; };
		F1CA7E872B0F4033002D733E /* HomeNetworkService.swift in Sources */ = {isa = PBXBuildFile; fileRef = F1CA7E862B0F4033002D733E /* HomeNetworkService.swift */; };
		F1CA7E8C2B117C3C002D733E /* ChannelViewController.swift in Sources */ = {isa = PBXBuildFile; fileRef = F1CA7E8B2B117C3C002D733E /* ChannelViewController.swift */; };
		F1CA7E8F2B117D1D002D733E /* MessageKit in Frameworks */ = {isa = PBXBuildFile; productRef = F1CA7E8E2B117D1D002D733E /* MessageKit */; };
		F1CA7E912B117E4C002D733E /* ChannelTableViewCell.swift in Sources */ = {isa = PBXBuildFile; fileRef = F1CA7E902B117E4C002D733E /* ChannelTableViewCell.swift */; };
		F1CA7E932B117EC9002D733E /* ChatViewController.swift in Sources */ = {isa = PBXBuildFile; fileRef = F1CA7E922B117EC9002D733E /* ChatViewController.swift */; };
		F1CA7E962B117F18002D733E /* Channel.swift in Sources */ = {isa = PBXBuildFile; fileRef = F1CA7E952B117F18002D733E /* Channel.swift */; };
		F1CA7E9A2B117F74002D733E /* Message.swift in Sources */ = {isa = PBXBuildFile; fileRef = F1CA7E992B117F74002D733E /* Message.swift */; };
		F1CA7E9C2B117F95002D733E /* ImageMediaItem.swift in Sources */ = {isa = PBXBuildFile; fileRef = F1CA7E9B2B117F95002D733E /* ImageMediaItem.swift */; };
		F1CA7E9E2B118083002D733E /* Sender.swift in Sources */ = {isa = PBXBuildFile; fileRef = F1CA7E9D2B118083002D733E /* Sender.swift */; };
		F1DD2C8D2A95DE5C00EE9711 /* HomeViewController.swift in Sources */ = {isa = PBXBuildFile; fileRef = F1DD2C8C2A95DE5C00EE9711 /* HomeViewController.swift */; };
		F1DD2C902A95E26600EE9711 /* SnapKit in Frameworks */ = {isa = PBXBuildFile; productRef = F1DD2C8F2A95E26600EE9711 /* SnapKit */; };
		F1DD2C922A95E81200EE9711 /* HomeCollectionViewCell.swift in Sources */ = {isa = PBXBuildFile; fileRef = F1DD2C912A95E81200EE9711 /* HomeCollectionViewCell.swift */; };
		F1DD2C9B2A95F82C00EE9711 /* NanumSquareOTF_acL.otf in Resources */ = {isa = PBXBuildFile; fileRef = F1DD2C932A95F82C00EE9711 /* NanumSquareOTF_acL.otf */; };
		F1DD2C9C2A95F82C00EE9711 /* NanumSquareL.otf in Resources */ = {isa = PBXBuildFile; fileRef = F1DD2C942A95F82C00EE9711 /* NanumSquareL.otf */; };
		F1DD2C9D2A95F82C00EE9711 /* NanumSquareB.otf in Resources */ = {isa = PBXBuildFile; fileRef = F1DD2C952A95F82C00EE9711 /* NanumSquareB.otf */; };
		F1DD2C9E2A95F82C00EE9711 /* NanumSquareOTF_acR.otf in Resources */ = {isa = PBXBuildFile; fileRef = F1DD2C962A95F82C00EE9711 /* NanumSquareOTF_acR.otf */; };
		F1DD2C9F2A95F82C00EE9711 /* NanumSquareR.otf in Resources */ = {isa = PBXBuildFile; fileRef = F1DD2C972A95F82C00EE9711 /* NanumSquareR.otf */; };
		F1DD2CA02A95F82C00EE9711 /* NanumSquareOTF_acB.otf in Resources */ = {isa = PBXBuildFile; fileRef = F1DD2C982A95F82C00EE9711 /* NanumSquareOTF_acB.otf */; };
		F1DD2CA12A95F82C00EE9711 /* NanumSquareOTF_acEB.otf in Resources */ = {isa = PBXBuildFile; fileRef = F1DD2C992A95F82C00EE9711 /* NanumSquareOTF_acEB.otf */; };
		F1DD2CA22A95F82C00EE9711 /* NanumSquareEB.otf in Resources */ = {isa = PBXBuildFile; fileRef = F1DD2C9A2A95F82C00EE9711 /* NanumSquareEB.otf */; };
		F1DD2CA62A96FACD00EE9711 /* HomeCollectionHeaderView.swift in Sources */ = {isa = PBXBuildFile; fileRef = F1DD2CA52A96FACD00EE9711 /* HomeCollectionHeaderView.swift */; };
		F1DD2CA82A98896300EE9711 /* ExpandableView.swift in Sources */ = {isa = PBXBuildFile; fileRef = F1DD2CA72A98896300EE9711 /* ExpandableView.swift */; };
		F1DD2CAB2A99CD0B00EE9711 /* LoginViewController.swift in Sources */ = {isa = PBXBuildFile; fileRef = F1DD2CAA2A99CD0B00EE9711 /* LoginViewController.swift */; };
		F1DD2CAF2A99E57D00EE9711 /* LineTextField.swift in Sources */ = {isa = PBXBuildFile; fileRef = F1DD2CAE2A99E57C00EE9711 /* LineTextField.swift */; };
		F1DD2CB22A99EE9C00EE9711 /* BaseButton.swift in Sources */ = {isa = PBXBuildFile; fileRef = F1DD2CB12A99EE9C00EE9711 /* BaseButton.swift */; };
		F1DD2CB42A99FA9B00EE9711 /* NanumLabel.swift in Sources */ = {isa = PBXBuildFile; fileRef = F1DD2CB32A99FA9B00EE9711 /* NanumLabel.swift */; };
		F1DD2CB72A9A05D900EE9711 /* UIColor.swift in Sources */ = {isa = PBXBuildFile; fileRef = F1DD2CB62A9A05D900EE9711 /* UIColor.swift */; };
		F1DD2CBA2A9A0F0D00EE9711 /* CheckBox.swift in Sources */ = {isa = PBXBuildFile; fileRef = F1DD2CB92A9A0F0D00EE9711 /* CheckBox.swift */; };
		F1DD2CBC2A9A53AC00EE9711 /* UIFont.swift in Sources */ = {isa = PBXBuildFile; fileRef = F1DD2CBB2A9A53AC00EE9711 /* UIFont.swift */; };
		F1DD2CBE2A9AE68500EE9711 /* LoginView.swift in Sources */ = {isa = PBXBuildFile; fileRef = F1DD2CBD2A9AE68500EE9711 /* LoginView.swift */; };
		F1DD2CC02A9AEDDC00EE9711 /* UIViewController.swift in Sources */ = {isa = PBXBuildFile; fileRef = F1DD2CBF2A9AEDDC00EE9711 /* UIViewController.swift */; };
		F1DD2CC42A9C851300EE9711 /* FindIdViewController.swift in Sources */ = {isa = PBXBuildFile; fileRef = F1DD2CC32A9C851300EE9711 /* FindIdViewController.swift */; };
		F1DD2CC62A9D7AE800EE9711 /* FindIdCheckViewController.swift in Sources */ = {isa = PBXBuildFile; fileRef = F1DD2CC52A9D7AE700EE9711 /* FindIdCheckViewController.swift */; };
		F1DD2CC92A9D7B4B00EE9711 /* FindIdView.swift in Sources */ = {isa = PBXBuildFile; fileRef = F1DD2CC82A9D7B4B00EE9711 /* FindIdView.swift */; };
		F1DD2CCB2A9D7CD900EE9711 /* FindIdCheckView.swift in Sources */ = {isa = PBXBuildFile; fileRef = F1DD2CCA2A9D7CD900EE9711 /* FindIdCheckView.swift */; };
		F1DD2CD02A9F616D00EE9711 /* FindPwViewController.swift in Sources */ = {isa = PBXBuildFile; fileRef = F1DD2CCF2A9F616D00EE9711 /* FindPwViewController.swift */; };
		F1DD2CD22A9F635900EE9711 /* FindPwView.swift in Sources */ = {isa = PBXBuildFile; fileRef = F1DD2CD12A9F635900EE9711 /* FindPwView.swift */; };
		F1FCE7652ABC754C0024AE60 /* Signup2ViewController.swift in Sources */ = {isa = PBXBuildFile; fileRef = F1FCE7642ABC754C0024AE60 /* Signup2ViewController.swift */; };
		F1FCE7672ABC75A80024AE60 /* Signup2View.swift in Sources */ = {isa = PBXBuildFile; fileRef = F1FCE7662ABC75A80024AE60 /* Signup2View.swift */; };
		F1FCE7692ABD7E2A0024AE60 /* Signup3View.swift in Sources */ = {isa = PBXBuildFile; fileRef = F1FCE7682ABD7E2A0024AE60 /* Signup3View.swift */; };
		F1FCE76B2ABD82620024AE60 /* Signup3ViewController.swift in Sources */ = {isa = PBXBuildFile; fileRef = F1FCE76A2ABD82620024AE60 /* Signup3ViewController.swift */; };
		F1FCE76D2ABE8E370024AE60 /* Signup4View.swift in Sources */ = {isa = PBXBuildFile; fileRef = F1FCE76C2ABE8E370024AE60 /* Signup4View.swift */; };
		F1FCE76F2ABE8E4E0024AE60 /* Signup4ViewController.swift in Sources */ = {isa = PBXBuildFile; fileRef = F1FCE76E2ABE8E4E0024AE60 /* Signup4ViewController.swift */; };
		F1FCE7712AC01E950024AE60 /* Signup5View.swift in Sources */ = {isa = PBXBuildFile; fileRef = F1FCE7702AC01E950024AE60 /* Signup5View.swift */; };
		F1FCE7732AC023390024AE60 /* Signup5ViewController.swift in Sources */ = {isa = PBXBuildFile; fileRef = F1FCE7722AC023390024AE60 /* Signup5ViewController.swift */; };
		F1FCE7752AC07CEA0024AE60 /* Signup6ViewController.swift in Sources */ = {isa = PBXBuildFile; fileRef = F1FCE7742AC07CEA0024AE60 /* Signup6ViewController.swift */; };
		F1FCE7772AC07CF90024AE60 /* Signup6View.swift in Sources */ = {isa = PBXBuildFile; fileRef = F1FCE7762AC07CF90024AE60 /* Signup6View.swift */; };
		F1FCE77B2AC2C7670024AE60 /* MenteeSignup1ViewController.swift in Sources */ = {isa = PBXBuildFile; fileRef = F1FCE77A2AC2C7670024AE60 /* MenteeSignup1ViewController.swift */; };
		F1FCE77F2AC317600024AE60 /* SelectViewControllerProtocol.swift in Sources */ = {isa = PBXBuildFile; fileRef = F1FCE77E2AC317600024AE60 /* SelectViewControllerProtocol.swift */; };
		F1FCE7832AC317EF0024AE60 /* UIStyle.swift in Sources */ = {isa = PBXBuildFile; fileRef = F1FCE7822AC317EF0024AE60 /* UIStyle.swift */; };
		F1FCE7852AC318700024AE60 /* BaseButtonStyle.swift in Sources */ = {isa = PBXBuildFile; fileRef = F1FCE7842AC318700024AE60 /* BaseButtonStyle.swift */; };
		F1FCE7872AC318950024AE60 /* NanumWeightType.swift in Sources */ = {isa = PBXBuildFile; fileRef = F1FCE7862AC318950024AE60 /* NanumWeightType.swift */; };
		F1FCE7892AC318B00024AE60 /* NanumFamily.swift in Sources */ = {isa = PBXBuildFile; fileRef = F1FCE7882AC318B00024AE60 /* NanumFamily.swift */; };
		F1FCE78C2AC7D5610024AE60 /* MyPageViewController.swift in Sources */ = {isa = PBXBuildFile; fileRef = F1FCE78B2AC7D5610024AE60 /* MyPageViewController.swift */; };
		F1FCE78F2AC7D5FC0024AE60 /* MyPageView.swift in Sources */ = {isa = PBXBuildFile; fileRef = F1FCE78E2AC7D5FC0024AE60 /* MyPageView.swift */; };
		F1FCE7912AC825D60024AE60 /* ProfileCardView.swift in Sources */ = {isa = PBXBuildFile; fileRef = F1FCE7902AC825D60024AE60 /* ProfileCardView.swift */; };
		F1FCE7952AC902D90024AE60 /* MentoringMethodSetView.swift in Sources */ = {isa = PBXBuildFile; fileRef = F1FCE7942AC902D90024AE60 /* MentoringMethodSetView.swift */; };
		F1FCE7972AC902F00024AE60 /* MentoringMethodSetViewController.swift in Sources */ = {isa = PBXBuildFile; fileRef = F1FCE7962AC902F00024AE60 /* MentoringMethodSetViewController.swift */; };
		F1FCE7992AC909270024AE60 /* AccountSetViewController.swift in Sources */ = {isa = PBXBuildFile; fileRef = F1FCE7982AC909270024AE60 /* AccountSetViewController.swift */; };
		F1FCE79B2AC94A9E0024AE60 /* AccountSetView.swift in Sources */ = {isa = PBXBuildFile; fileRef = F1FCE79A2AC94A9E0024AE60 /* AccountSetView.swift */; };
		F1FCE79D2AC976750024AE60 /* CustomAlertViewController.swift in Sources */ = {isa = PBXBuildFile; fileRef = F1FCE79C2AC976750024AE60 /* CustomAlertViewController.swift */; };
		F1FCE79F2AC9795C0024AE60 /* CustomAlertView.swift in Sources */ = {isa = PBXBuildFile; fileRef = F1FCE79E2AC9795C0024AE60 /* CustomAlertView.swift */; };
		F1FCE7A12ACB00C40024AE60 /* UploadDocumentsViewController.swift in Sources */ = {isa = PBXBuildFile; fileRef = F1FCE7A02ACB00C40024AE60 /* UploadDocumentsViewController.swift */; };
		F1FCE7A32ACB04830024AE60 /* UploadDocumentsView.swift in Sources */ = {isa = PBXBuildFile; fileRef = F1FCE7A22ACB04830024AE60 /* UploadDocumentsView.swift */; };
		F1FCE7A52ACE87C10024AE60 /* AccountConfirmView.swift in Sources */ = {isa = PBXBuildFile; fileRef = F1FCE7A42ACE87C10024AE60 /* AccountConfirmView.swift */; };
		F1FCE7A72ACE88050024AE60 /* AccountConfirmViewController.swift in Sources */ = {isa = PBXBuildFile; fileRef = F1FCE7A62ACE88050024AE60 /* AccountConfirmViewController.swift */; };
		F1FCE7A92AD03FE30024AE60 /* PasswordResetViewController.swift in Sources */ = {isa = PBXBuildFile; fileRef = F1FCE7A82AD03FE30024AE60 /* PasswordResetViewController.swift */; };
		F1FCE7AB2AD03FF50024AE60 /* PasswordResetView.swift in Sources */ = {isa = PBXBuildFile; fileRef = F1FCE7AA2AD03FF50024AE60 /* PasswordResetView.swift */; };
		F1FCE7AF2AD1358F0024AE60 /* UserDetailViewController.swift in Sources */ = {isa = PBXBuildFile; fileRef = F1FCE7AE2AD1358F0024AE60 /* UserDetailViewController.swift */; };
		F1FCE7B12AD136D20024AE60 /* UserDetailView.swift in Sources */ = {isa = PBXBuildFile; fileRef = F1FCE7B02AD136D20024AE60 /* UserDetailView.swift */; };
		F1FCE7B32AD140360024AE60 /* UserDetailProfileCardView.swift in Sources */ = {isa = PBXBuildFile; fileRef = F1FCE7B22AD140360024AE60 /* UserDetailProfileCardView.swift */; };
		F1FCE7B52AD3C73F0024AE60 /* FieldRectView.swift in Sources */ = {isa = PBXBuildFile; fileRef = F1FCE7B42AD3C73F0024AE60 /* FieldRectView.swift */; };
		F1FCE7B72ADA5A280024AE60 /* DashedLineView.swift in Sources */ = {isa = PBXBuildFile; fileRef = F1FCE7B62ADA5A280024AE60 /* DashedLineView.swift */; };
		F1FCE7B92ADA5FA00024AE60 /* ReportReasonAlertView.swift in Sources */ = {isa = PBXBuildFile; fileRef = F1FCE7B82ADA5FA00024AE60 /* ReportReasonAlertView.swift */; };
		F1FCE7BB2ADA623A0024AE60 /* ReportReasonAlertViewController.swift in Sources */ = {isa = PBXBuildFile; fileRef = F1FCE7BA2ADA623A0024AE60 /* ReportReasonAlertViewController.swift */; };
/* End PBXBuildFile section */

/* Begin PBXFileReference section */
		F11FCBA92B3452E500CED2A0 /* SignupNetworkService.swift */ = {isa = PBXFileReference; lastKnownFileType = sourcecode.swift; path = SignupNetworkService.swift; sourceTree = "<group>"; };
		F11FCBAB2B34544C00CED2A0 /* SignupRouter.swift */ = {isa = PBXFileReference; lastKnownFileType = sourcecode.swift; path = SignupRouter.swift; sourceTree = "<group>"; };
		F11FCBAD2B3455F600CED2A0 /* SignupModel.swift */ = {isa = PBXFileReference; lastKnownFileType = sourcecode.swift; path = SignupModel.swift; sourceTree = "<group>"; };
		F126B1C42AA0AFB60035E499 /* IntroViewController.swift */ = {isa = PBXFileReference; lastKnownFileType = sourcecode.swift; path = IntroViewController.swift; sourceTree = "<group>"; };
		F126B1CB2AA231F60035E499 /* MentoSignup1ViewController.swift */ = {isa = PBXFileReference; lastKnownFileType = sourcecode.swift; path = MentoSignup1ViewController.swift; sourceTree = "<group>"; };
		F126B1CD2AA41D7A0035E499 /* SignupStepBar.swift */ = {isa = PBXFileReference; lastKnownFileType = sourcecode.swift; path = SignupStepBar.swift; sourceTree = "<group>"; };
		F126B1CF2AA568D80035E499 /* SelectViewController.swift */ = {isa = PBXFileReference; lastKnownFileType = sourcecode.swift; path = SelectViewController.swift; sourceTree = "<group>"; };
		F126B1D32AA6F6CF0035E499 /* SelectView.swift */ = {isa = PBXFileReference; lastKnownFileType = sourcecode.swift; path = SelectView.swift; sourceTree = "<group>"; };
		F126B1D62AA6FB780035E499 /* SelectedElementView.swift */ = {isa = PBXFileReference; lastKnownFileType = sourcecode.swift; path = SelectedElementView.swift; sourceTree = "<group>"; };
		F18E50DC2B2C0B3300D427A0 /* TagTextField.swift */ = {isa = PBXFileReference; lastKnownFileType = sourcecode.swift; path = TagTextField.swift; sourceTree = "<group>"; };
		F1A47DA82B32FAF900D51645 /* UIResponder.swift */ = {isa = PBXFileReference; lastKnownFileType = sourcecode.swift; path = UIResponder.swift; sourceTree = "<group>"; };
		F1A47DAA2B32FB2F00D51645 /* KeyboardEventProtocol.swift */ = {isa = PBXFileReference; lastKnownFileType = sourcecode.swift; path = KeyboardEventProtocol.swift; sourceTree = "<group>"; };
		F1A5605B2A949E6800FD2E91 /* dotoring-iOS.app */ = {isa = PBXFileReference; explicitFileType = wrapper.application; includeInIndex = 0; path = "dotoring-iOS.app"; sourceTree = BUILT_PRODUCTS_DIR; };
		F1A5605E2A949E6800FD2E91 /* AppDelegate.swift */ = {isa = PBXFileReference; lastKnownFileType = sourcecode.swift; path = AppDelegate.swift; sourceTree = "<group>"; };
		F1A560602A949E6800FD2E91 /* SceneDelegate.swift */ = {isa = PBXFileReference; lastKnownFileType = sourcecode.swift; path = SceneDelegate.swift; sourceTree = "<group>"; };
		F1A560622A949E6800FD2E91 /* MainTapBarController.swift */ = {isa = PBXFileReference; lastKnownFileType = sourcecode.swift; path = MainTapBarController.swift; sourceTree = "<group>"; };
		F1A560672A949E6900FD2E91 /* Assets.xcassets */ = {isa = PBXFileReference; lastKnownFileType = folder.assetcatalog; path = Assets.xcassets; sourceTree = "<group>"; };
		F1A5606A2A949E6900FD2E91 /* Base */ = {isa = PBXFileReference; lastKnownFileType = file.storyboard; name = Base; path = Base.lproj/LaunchScreen.storyboard; sourceTree = "<group>"; };
		F1A5606C2A949E6900FD2E91 /* Info.plist */ = {isa = PBXFileReference; lastKnownFileType = text.plist.xml; path = Info.plist; sourceTree = "<group>"; };
		F1C3A32D2B4011CB0041907B /* MultipartNetworkManager.swift */ = {isa = PBXFileReference; lastKnownFileType = sourcecode.swift; path = MultipartNetworkManager.swift; sourceTree = "<group>"; };
		F1C3A32F2B4011F10041907B /* MultipartInterceptor.swift */ = {isa = PBXFileReference; lastKnownFileType = sourcecode.swift; path = MultipartInterceptor.swift; sourceTree = "<group>"; };
		F1CA7E4A2AF4CF2D002D733E /* MenuBarView.swift */ = {isa = PBXFileReference; lastKnownFileType = sourcecode.swift; path = MenuBarView.swift; sourceTree = "<group>"; };
		F1CA7E502AFCC30E002D733E /* Constants.swift */ = {isa = PBXFileReference; lastKnownFileType = sourcecode.swift; path = Constants.swift; sourceTree = "<group>"; };
		F1CA7E532AFCE056002D733E /* BaseNetworkManager.swift */ = {isa = PBXFileReference; lastKnownFileType = sourcecode.swift; path = BaseNetworkManager.swift; sourceTree = "<group>"; };
		F1CA7E552AFCE127002D733E /* BaseInterceptor.swift */ = {isa = PBXFileReference; lastKnownFileType = sourcecode.swift; path = BaseInterceptor.swift; sourceTree = "<group>"; };
		F1CA7E572AFCE7AB002D733E /* BaseLogger.swift */ = {isa = PBXFileReference; lastKnownFileType = sourcecode.swift; path = BaseLogger.swift; sourceTree = "<group>"; };
		F1CA7E592AFCE9B0002D733E /* BaseRouter.swift */ = {isa = PBXFileReference; lastKnownFileType = sourcecode.swift; path = BaseRouter.swift; sourceTree = "<group>"; };
		F1CA7E5C2AFCFE17002D733E /* Model.swift */ = {isa = PBXFileReference; lastKnownFileType = sourcecode.swift; path = Model.swift; sourceTree = "<group>"; };
		F1CA7E5E2AFD2620002D733E /* Secrets.plist */ = {isa = PBXFileReference; lastKnownFileType = text.plist.xml; path = Secrets.plist; sourceTree = "<group>"; };
		F1CA7E602AFD26AE002D733E /* Bundle.swift */ = {isa = PBXFileReference; lastKnownFileType = sourcecode.swift; path = Bundle.swift; sourceTree = "<group>"; };
		F1CA7E692AFDD5D1002D733E /* KeyChain.swift */ = {isa = PBXFileReference; lastKnownFileType = sourcecode.swift; path = KeyChain.swift; sourceTree = "<group>"; };
		F1CA7E6C2AFFD17E002D733E /* HomeRouter.swift */ = {isa = PBXFileReference; lastKnownFileType = sourcecode.swift; path = HomeRouter.swift; sourceTree = "<group>"; };
		F1CA7E6F2AFFD487002D733E /* APINetworkManager.swift */ = {isa = PBXFileReference; lastKnownFileType = sourcecode.swift; path = APINetworkManager.swift; sourceTree = "<group>"; };
		F1CA7E722B00E818002D733E /* OAuthAuthenticator.swift */ = {isa = PBXFileReference; lastKnownFileType = sourcecode.swift; path = OAuthAuthenticator.swift; sourceTree = "<group>"; };
		F1CA7E742B00E83E002D733E /* OAuthCredential.swift */ = {isa = PBXFileReference; lastKnownFileType = sourcecode.swift; path = OAuthCredential.swift; sourceTree = "<group>"; };
		F1CA7E772B024B0D002D733E /* HomeModel.swift */ = {isa = PBXFileReference; lastKnownFileType = sourcecode.swift; path = HomeModel.swift; sourceTree = "<group>"; };
		F1CA7E792B04F163002D733E /* UserDetailModel.swift */ = {isa = PBXFileReference; lastKnownFileType = sourcecode.swift; path = UserDetailModel.swift; sourceTree = "<group>"; };
		F1CA7E7C2B0854B3002D733E /* CommonNetworkService.swift */ = {isa = PBXFileReference; lastKnownFileType = sourcecode.swift; path = CommonNetworkService.swift; sourceTree = "<group>"; };
		F1CA7E7E2B087E69002D733E /* Alert.swift */ = {isa = PBXFileReference; lastKnownFileType = sourcecode.swift; path = Alert.swift; sourceTree = "<group>"; };
		F1CA7E832B0F17BD002D733E /* Error.swift */ = {isa = PBXFileReference; lastKnownFileType = sourcecode.swift; path = Error.swift; sourceTree = "<group>"; };
		F1CA7E862B0F4033002D733E /* HomeNetworkService.swift */ = {isa = PBXFileReference; lastKnownFileType = sourcecode.swift; path = HomeNetworkService.swift; sourceTree = "<group>"; };
		F1CA7E8B2B117C3C002D733E /* ChannelViewController.swift */ = {isa = PBXFileReference; lastKnownFileType = sourcecode.swift; path = ChannelViewController.swift; sourceTree = "<group>"; };
		F1CA7E902B117E4C002D733E /* ChannelTableViewCell.swift */ = {isa = PBXFileReference; lastKnownFileType = sourcecode.swift; path = ChannelTableViewCell.swift; sourceTree = "<group>"; };
		F1CA7E922B117EC9002D733E /* ChatViewController.swift */ = {isa = PBXFileReference; lastKnownFileType = sourcecode.swift; path = ChatViewController.swift; sourceTree = "<group>"; };
		F1CA7E952B117F18002D733E /* Channel.swift */ = {isa = PBXFileReference; lastKnownFileType = sourcecode.swift; path = Channel.swift; sourceTree = "<group>"; };
		F1CA7E992B117F74002D733E /* Message.swift */ = {isa = PBXFileReference; lastKnownFileType = sourcecode.swift; path = Message.swift; sourceTree = "<group>"; };
		F1CA7E9B2B117F95002D733E /* ImageMediaItem.swift */ = {isa = PBXFileReference; lastKnownFileType = sourcecode.swift; path = ImageMediaItem.swift; sourceTree = "<group>"; };
		F1CA7E9D2B118083002D733E /* Sender.swift */ = {isa = PBXFileReference; lastKnownFileType = sourcecode.swift; path = Sender.swift; sourceTree = "<group>"; };
		F1DD2C8C2A95DE5C00EE9711 /* HomeViewController.swift */ = {isa = PBXFileReference; lastKnownFileType = sourcecode.swift; path = HomeViewController.swift; sourceTree = "<group>"; };
		F1DD2C912A95E81200EE9711 /* HomeCollectionViewCell.swift */ = {isa = PBXFileReference; lastKnownFileType = sourcecode.swift; path = HomeCollectionViewCell.swift; sourceTree = "<group>"; };
		F1DD2C932A95F82C00EE9711 /* NanumSquareOTF_acL.otf */ = {isa = PBXFileReference; lastKnownFileType = file; path = NanumSquareOTF_acL.otf; sourceTree = "<group>"; };
		F1DD2C942A95F82C00EE9711 /* NanumSquareL.otf */ = {isa = PBXFileReference; lastKnownFileType = file; path = NanumSquareL.otf; sourceTree = "<group>"; };
		F1DD2C952A95F82C00EE9711 /* NanumSquareB.otf */ = {isa = PBXFileReference; lastKnownFileType = file; path = NanumSquareB.otf; sourceTree = "<group>"; };
		F1DD2C962A95F82C00EE9711 /* NanumSquareOTF_acR.otf */ = {isa = PBXFileReference; lastKnownFileType = file; path = NanumSquareOTF_acR.otf; sourceTree = "<group>"; };
		F1DD2C972A95F82C00EE9711 /* NanumSquareR.otf */ = {isa = PBXFileReference; lastKnownFileType = file; path = NanumSquareR.otf; sourceTree = "<group>"; };
		F1DD2C982A95F82C00EE9711 /* NanumSquareOTF_acB.otf */ = {isa = PBXFileReference; lastKnownFileType = file; path = NanumSquareOTF_acB.otf; sourceTree = "<group>"; };
		F1DD2C992A95F82C00EE9711 /* NanumSquareOTF_acEB.otf */ = {isa = PBXFileReference; lastKnownFileType = file; path = NanumSquareOTF_acEB.otf; sourceTree = "<group>"; };
		F1DD2C9A2A95F82C00EE9711 /* NanumSquareEB.otf */ = {isa = PBXFileReference; lastKnownFileType = file; path = NanumSquareEB.otf; sourceTree = "<group>"; };
		F1DD2CA52A96FACD00EE9711 /* HomeCollectionHeaderView.swift */ = {isa = PBXFileReference; lastKnownFileType = sourcecode.swift; path = HomeCollectionHeaderView.swift; sourceTree = "<group>"; };
		F1DD2CA72A98896300EE9711 /* ExpandableView.swift */ = {isa = PBXFileReference; lastKnownFileType = sourcecode.swift; path = ExpandableView.swift; sourceTree = "<group>"; };
		F1DD2CAA2A99CD0B00EE9711 /* LoginViewController.swift */ = {isa = PBXFileReference; lastKnownFileType = sourcecode.swift; path = LoginViewController.swift; sourceTree = "<group>"; };
		F1DD2CAE2A99E57C00EE9711 /* LineTextField.swift */ = {isa = PBXFileReference; lastKnownFileType = sourcecode.swift; path = LineTextField.swift; sourceTree = "<group>"; };
		F1DD2CB12A99EE9C00EE9711 /* BaseButton.swift */ = {isa = PBXFileReference; lastKnownFileType = sourcecode.swift; path = BaseButton.swift; sourceTree = "<group>"; };
		F1DD2CB32A99FA9B00EE9711 /* NanumLabel.swift */ = {isa = PBXFileReference; lastKnownFileType = sourcecode.swift; path = NanumLabel.swift; sourceTree = "<group>"; };
		F1DD2CB62A9A05D900EE9711 /* UIColor.swift */ = {isa = PBXFileReference; lastKnownFileType = sourcecode.swift; path = UIColor.swift; sourceTree = "<group>"; };
		F1DD2CB92A9A0F0D00EE9711 /* CheckBox.swift */ = {isa = PBXFileReference; lastKnownFileType = sourcecode.swift; path = CheckBox.swift; sourceTree = "<group>"; };
		F1DD2CBB2A9A53AC00EE9711 /* UIFont.swift */ = {isa = PBXFileReference; lastKnownFileType = sourcecode.swift; path = UIFont.swift; sourceTree = "<group>"; };
		F1DD2CBD2A9AE68500EE9711 /* LoginView.swift */ = {isa = PBXFileReference; lastKnownFileType = sourcecode.swift; path = LoginView.swift; sourceTree = "<group>"; };
		F1DD2CBF2A9AEDDC00EE9711 /* UIViewController.swift */ = {isa = PBXFileReference; lastKnownFileType = sourcecode.swift; path = UIViewController.swift; sourceTree = "<group>"; };
		F1DD2CC32A9C851300EE9711 /* FindIdViewController.swift */ = {isa = PBXFileReference; lastKnownFileType = sourcecode.swift; path = FindIdViewController.swift; sourceTree = "<group>"; };
		F1DD2CC52A9D7AE700EE9711 /* FindIdCheckViewController.swift */ = {isa = PBXFileReference; lastKnownFileType = sourcecode.swift; path = FindIdCheckViewController.swift; sourceTree = "<group>"; };
		F1DD2CC82A9D7B4B00EE9711 /* FindIdView.swift */ = {isa = PBXFileReference; lastKnownFileType = sourcecode.swift; path = FindIdView.swift; sourceTree = "<group>"; };
		F1DD2CCA2A9D7CD900EE9711 /* FindIdCheckView.swift */ = {isa = PBXFileReference; lastKnownFileType = sourcecode.swift; path = FindIdCheckView.swift; sourceTree = "<group>"; };
		F1DD2CCF2A9F616D00EE9711 /* FindPwViewController.swift */ = {isa = PBXFileReference; lastKnownFileType = sourcecode.swift; path = FindPwViewController.swift; sourceTree = "<group>"; };
		F1DD2CD12A9F635900EE9711 /* FindPwView.swift */ = {isa = PBXFileReference; lastKnownFileType = sourcecode.swift; path = FindPwView.swift; sourceTree = "<group>"; };
		F1FCE7642ABC754C0024AE60 /* Signup2ViewController.swift */ = {isa = PBXFileReference; lastKnownFileType = sourcecode.swift; path = Signup2ViewController.swift; sourceTree = "<group>"; };
		F1FCE7662ABC75A80024AE60 /* Signup2View.swift */ = {isa = PBXFileReference; lastKnownFileType = sourcecode.swift; path = Signup2View.swift; sourceTree = "<group>"; };
		F1FCE7682ABD7E2A0024AE60 /* Signup3View.swift */ = {isa = PBXFileReference; lastKnownFileType = sourcecode.swift; path = Signup3View.swift; sourceTree = "<group>"; };
		F1FCE76A2ABD82620024AE60 /* Signup3ViewController.swift */ = {isa = PBXFileReference; lastKnownFileType = sourcecode.swift; path = Signup3ViewController.swift; sourceTree = "<group>"; };
		F1FCE76C2ABE8E370024AE60 /* Signup4View.swift */ = {isa = PBXFileReference; lastKnownFileType = sourcecode.swift; path = Signup4View.swift; sourceTree = "<group>"; };
		F1FCE76E2ABE8E4E0024AE60 /* Signup4ViewController.swift */ = {isa = PBXFileReference; lastKnownFileType = sourcecode.swift; path = Signup4ViewController.swift; sourceTree = "<group>"; };
		F1FCE7702AC01E950024AE60 /* Signup5View.swift */ = {isa = PBXFileReference; lastKnownFileType = sourcecode.swift; path = Signup5View.swift; sourceTree = "<group>"; };
		F1FCE7722AC023390024AE60 /* Signup5ViewController.swift */ = {isa = PBXFileReference; lastKnownFileType = sourcecode.swift; path = Signup5ViewController.swift; sourceTree = "<group>"; };
		F1FCE7742AC07CEA0024AE60 /* Signup6ViewController.swift */ = {isa = PBXFileReference; lastKnownFileType = sourcecode.swift; path = Signup6ViewController.swift; sourceTree = "<group>"; };
		F1FCE7762AC07CF90024AE60 /* Signup6View.swift */ = {isa = PBXFileReference; lastKnownFileType = sourcecode.swift; path = Signup6View.swift; sourceTree = "<group>"; };
		F1FCE77A2AC2C7670024AE60 /* MenteeSignup1ViewController.swift */ = {isa = PBXFileReference; lastKnownFileType = sourcecode.swift; path = MenteeSignup1ViewController.swift; sourceTree = "<group>"; };
		F1FCE77E2AC317600024AE60 /* SelectViewControllerProtocol.swift */ = {isa = PBXFileReference; lastKnownFileType = sourcecode.swift; path = SelectViewControllerProtocol.swift; sourceTree = "<group>"; };
		F1FCE7822AC317EF0024AE60 /* UIStyle.swift */ = {isa = PBXFileReference; lastKnownFileType = sourcecode.swift; path = UIStyle.swift; sourceTree = "<group>"; };
		F1FCE7842AC318700024AE60 /* BaseButtonStyle.swift */ = {isa = PBXFileReference; lastKnownFileType = sourcecode.swift; path = BaseButtonStyle.swift; sourceTree = "<group>"; };
		F1FCE7862AC318950024AE60 /* NanumWeightType.swift */ = {isa = PBXFileReference; lastKnownFileType = sourcecode.swift; path = NanumWeightType.swift; sourceTree = "<group>"; };
		F1FCE7882AC318B00024AE60 /* NanumFamily.swift */ = {isa = PBXFileReference; lastKnownFileType = sourcecode.swift; path = NanumFamily.swift; sourceTree = "<group>"; };
		F1FCE78B2AC7D5610024AE60 /* MyPageViewController.swift */ = {isa = PBXFileReference; lastKnownFileType = sourcecode.swift; path = MyPageViewController.swift; sourceTree = "<group>"; };
		F1FCE78E2AC7D5FC0024AE60 /* MyPageView.swift */ = {isa = PBXFileReference; lastKnownFileType = sourcecode.swift; path = MyPageView.swift; sourceTree = "<group>"; };
		F1FCE7902AC825D60024AE60 /* ProfileCardView.swift */ = {isa = PBXFileReference; lastKnownFileType = sourcecode.swift; path = ProfileCardView.swift; sourceTree = "<group>"; };
		F1FCE7942AC902D90024AE60 /* MentoringMethodSetView.swift */ = {isa = PBXFileReference; lastKnownFileType = sourcecode.swift; path = MentoringMethodSetView.swift; sourceTree = "<group>"; };
		F1FCE7962AC902F00024AE60 /* MentoringMethodSetViewController.swift */ = {isa = PBXFileReference; lastKnownFileType = sourcecode.swift; path = MentoringMethodSetViewController.swift; sourceTree = "<group>"; };
		F1FCE7982AC909270024AE60 /* AccountSetViewController.swift */ = {isa = PBXFileReference; lastKnownFileType = sourcecode.swift; path = AccountSetViewController.swift; sourceTree = "<group>"; };
		F1FCE79A2AC94A9E0024AE60 /* AccountSetView.swift */ = {isa = PBXFileReference; lastKnownFileType = sourcecode.swift; path = AccountSetView.swift; sourceTree = "<group>"; };
		F1FCE79C2AC976750024AE60 /* CustomAlertViewController.swift */ = {isa = PBXFileReference; lastKnownFileType = sourcecode.swift; path = CustomAlertViewController.swift; sourceTree = "<group>"; };
		F1FCE79E2AC9795C0024AE60 /* CustomAlertView.swift */ = {isa = PBXFileReference; lastKnownFileType = sourcecode.swift; path = CustomAlertView.swift; sourceTree = "<group>"; };
		F1FCE7A02ACB00C40024AE60 /* UploadDocumentsViewController.swift */ = {isa = PBXFileReference; lastKnownFileType = sourcecode.swift; path = UploadDocumentsViewController.swift; sourceTree = "<group>"; };
		F1FCE7A22ACB04830024AE60 /* UploadDocumentsView.swift */ = {isa = PBXFileReference; lastKnownFileType = sourcecode.swift; path = UploadDocumentsView.swift; sourceTree = "<group>"; };
		F1FCE7A42ACE87C10024AE60 /* AccountConfirmView.swift */ = {isa = PBXFileReference; lastKnownFileType = sourcecode.swift; path = AccountConfirmView.swift; sourceTree = "<group>"; };
		F1FCE7A62ACE88050024AE60 /* AccountConfirmViewController.swift */ = {isa = PBXFileReference; lastKnownFileType = sourcecode.swift; path = AccountConfirmViewController.swift; sourceTree = "<group>"; };
		F1FCE7A82AD03FE30024AE60 /* PasswordResetViewController.swift */ = {isa = PBXFileReference; lastKnownFileType = sourcecode.swift; path = PasswordResetViewController.swift; sourceTree = "<group>"; };
		F1FCE7AA2AD03FF50024AE60 /* PasswordResetView.swift */ = {isa = PBXFileReference; lastKnownFileType = sourcecode.swift; path = PasswordResetView.swift; sourceTree = "<group>"; };
		F1FCE7AE2AD1358F0024AE60 /* UserDetailViewController.swift */ = {isa = PBXFileReference; lastKnownFileType = sourcecode.swift; path = UserDetailViewController.swift; sourceTree = "<group>"; };
		F1FCE7B02AD136D20024AE60 /* UserDetailView.swift */ = {isa = PBXFileReference; lastKnownFileType = sourcecode.swift; path = UserDetailView.swift; sourceTree = "<group>"; };
		F1FCE7B22AD140360024AE60 /* UserDetailProfileCardView.swift */ = {isa = PBXFileReference; lastKnownFileType = sourcecode.swift; path = UserDetailProfileCardView.swift; sourceTree = "<group>"; };
		F1FCE7B42AD3C73F0024AE60 /* FieldRectView.swift */ = {isa = PBXFileReference; lastKnownFileType = sourcecode.swift; path = FieldRectView.swift; sourceTree = "<group>"; };
		F1FCE7B62ADA5A280024AE60 /* DashedLineView.swift */ = {isa = PBXFileReference; lastKnownFileType = sourcecode.swift; path = DashedLineView.swift; sourceTree = "<group>"; };
		F1FCE7B82ADA5FA00024AE60 /* ReportReasonAlertView.swift */ = {isa = PBXFileReference; lastKnownFileType = sourcecode.swift; path = ReportReasonAlertView.swift; sourceTree = "<group>"; };
		F1FCE7BA2ADA623A0024AE60 /* ReportReasonAlertViewController.swift */ = {isa = PBXFileReference; lastKnownFileType = sourcecode.swift; path = ReportReasonAlertViewController.swift; sourceTree = "<group>"; };
/* End PBXFileReference section */

/* Begin PBXFrameworksBuildPhase section */
		F1A560582A949E6800FD2E91 /* Frameworks */ = {
			isa = PBXFrameworksBuildPhase;
			buildActionMask = 2147483647;
			files = (
				F1CA7E4E2AFCBA5A002D733E /* Alamofire in Frameworks */,
				F1A560742A94A42B00FD2E91 /* Kingfisher in Frameworks */,
				F1CA7E662AFDB280002D733E /* JWTDecode in Frameworks */,
				F1CA7E8F2B117D1D002D733E /* MessageKit in Frameworks */,
				F1CA7E822B0CA51B002D733E /* Toast in Frameworks */,
				F1DD2C902A95E26600EE9711 /* SnapKit in Frameworks */,
			);
			runOnlyForDeploymentPostprocessing = 0;
		};
/* End PBXFrameworksBuildPhase section */

/* Begin PBXGroup section */
		F11FCBA82B3452C400CED2A0 /* Services */ = {
			isa = PBXGroup;
			children = (
				F11FCBA92B3452E500CED2A0 /* SignupNetworkService.swift */,
			);
			path = Services;
			sourceTree = "<group>";
		};
		F126B1CA2AA231E20035E499 /* Signup */ = {
			isa = PBXGroup;
			children = (
				F11FCBA82B3452C400CED2A0 /* Services */,
				F126B1D52AA6FB0D0035E499 /* Views */,
				F126B1CB2AA231F60035E499 /* MentoSignup1ViewController.swift */,
				F1FCE77A2AC2C7670024AE60 /* MenteeSignup1ViewController.swift */,
				F1FCE7642ABC754C0024AE60 /* Signup2ViewController.swift */,
				F1FCE76A2ABD82620024AE60 /* Signup3ViewController.swift */,
				F1FCE76E2ABE8E4E0024AE60 /* Signup4ViewController.swift */,
				F1FCE7722AC023390024AE60 /* Signup5ViewController.swift */,
				F1FCE7742AC07CEA0024AE60 /* Signup6ViewController.swift */,
			);
			path = Signup;
			sourceTree = "<group>";
		};
		F126B1D52AA6FB0D0035E499 /* Views */ = {
			isa = PBXGroup;
			children = (
				F126B1D32AA6F6CF0035E499 /* SelectView.swift */,
				F126B1D62AA6FB780035E499 /* SelectedElementView.swift */,
				F1FCE7662ABC75A80024AE60 /* Signup2View.swift */,
				F1FCE7682ABD7E2A0024AE60 /* Signup3View.swift */,
				F1FCE76C2ABE8E370024AE60 /* Signup4View.swift */,
				F1FCE7702AC01E950024AE60 /* Signup5View.swift */,
				F1FCE7762AC07CF90024AE60 /* Signup6View.swift */,
			);
			path = Views;
			sourceTree = "<group>";
		};
		F1A560522A949E6800FD2E91 = {
			isa = PBXGroup;
			children = (
				F1A5605D2A949E6800FD2E91 /* dotoring-iOS */,
				F1A5605C2A949E6800FD2E91 /* Products */,
			);
			sourceTree = "<group>";
		};
		F1A5605C2A949E6800FD2E91 /* Products */ = {
			isa = PBXGroup;
			children = (
				F1A5605B2A949E6800FD2E91 /* dotoring-iOS.app */,
			);
			name = Products;
			sourceTree = "<group>";
		};
		F1A5605D2A949E6800FD2E91 /* dotoring-iOS */ = {
			isa = PBXGroup;
			children = (
				F1DD2CB82A9A0B6000EE9711 /* Classes */,
				F1FCE77C2AC316D00024AE60 /* Enums */,
				F1DD2CB52A9A05BB00EE9711 /* Extensions */,
				F1A560762A94ADEF00FD2E91 /* Fonts */,
				F1DD2C8A2A95DDD500EE9711 /* Scenes */,
				F1CA7E522AFCDE94002D733E /* Networks */,
				F1CA7E5B2AFCFD64002D733E /* Models */,
				F1FCE77D2AC316F40024AE60 /* Protocols */,
				F1CA7E4F2AFCC29B002D733E /* Utils */,
				F1A5605E2A949E6800FD2E91 /* AppDelegate.swift */,
				F1A560602A949E6800FD2E91 /* SceneDelegate.swift */,
				F1A560672A949E6900FD2E91 /* Assets.xcassets */,
				F1A560692A949E6900FD2E91 /* LaunchScreen.storyboard */,
				F1A5606C2A949E6900FD2E91 /* Info.plist */,
				F1CA7E5E2AFD2620002D733E /* Secrets.plist */,
			);
			path = "dotoring-iOS";
			sourceTree = "<group>";
		};
		F1A560762A94ADEF00FD2E91 /* Fonts */ = {
			isa = PBXGroup;
			children = (
				F1A5607F2A94AE5900FD2E91 /* NanumSquare */,
			);
			path = Fonts;
			sourceTree = "<group>";
		};
		F1A5607F2A94AE5900FD2E91 /* NanumSquare */ = {
			isa = PBXGroup;
			children = (
				F1DD2C952A95F82C00EE9711 /* NanumSquareB.otf */,
				F1DD2C9A2A95F82C00EE9711 /* NanumSquareEB.otf */,
				F1DD2C942A95F82C00EE9711 /* NanumSquareL.otf */,
				F1DD2C982A95F82C00EE9711 /* NanumSquareOTF_acB.otf */,
				F1DD2C992A95F82C00EE9711 /* NanumSquareOTF_acEB.otf */,
				F1DD2C932A95F82C00EE9711 /* NanumSquareOTF_acL.otf */,
				F1DD2C962A95F82C00EE9711 /* NanumSquareOTF_acR.otf */,
				F1DD2C972A95F82C00EE9711 /* NanumSquareR.otf */,
			);
			path = NanumSquare;
			sourceTree = "<group>";
		};
		F1CA7E4F2AFCC29B002D733E /* Utils */ = {
			isa = PBXGroup;
			children = (
				F1CA7E502AFCC30E002D733E /* Constants.swift */,
				F1CA7E602AFD26AE002D733E /* Bundle.swift */,
				F1CA7E692AFDD5D1002D733E /* KeyChain.swift */,
				F1CA7E7E2B087E69002D733E /* Alert.swift */,
			);
			path = Utils;
			sourceTree = "<group>";
		};
		F1CA7E522AFCDE94002D733E /* Networks */ = {
			isa = PBXGroup;
			children = (
				F1CA7E762B00FDFC002D733E /* OAuths */,
				F1CA7E6E2AFFD46C002D733E /* NetworksManagers */,
				F1CA7E6B2AFFD16B002D733E /* Routers */,
				F1CA7E712B00E7F7002D733E /* Interceptors */,
				F1CA7E572AFCE7AB002D733E /* BaseLogger.swift */,
			);
			path = Networks;
			sourceTree = "<group>";
		};
		F1CA7E5B2AFCFD64002D733E /* Models */ = {
			isa = PBXGroup;
			children = (
				F1CA7E5C2AFCFE17002D733E /* Model.swift */,
				F11FCBAD2B3455F600CED2A0 /* SignupModel.swift */,
				F1CA7E772B024B0D002D733E /* HomeModel.swift */,
				F1CA7E792B04F163002D733E /* UserDetailModel.swift */,
			);
			path = Models;
			sourceTree = "<group>";
		};
		F1CA7E6B2AFFD16B002D733E /* Routers */ = {
			isa = PBXGroup;
			children = (
				F1CA7E592AFCE9B0002D733E /* BaseRouter.swift */,
				F1CA7E6C2AFFD17E002D733E /* HomeRouter.swift */,
				F11FCBAB2B34544C00CED2A0 /* SignupRouter.swift */,
			);
			path = Routers;
			sourceTree = "<group>";
		};
		F1CA7E6E2AFFD46C002D733E /* NetworksManagers */ = {
			isa = PBXGroup;
			children = (
				F1CA7E532AFCE056002D733E /* BaseNetworkManager.swift */,
				F1CA7E6F2AFFD487002D733E /* APINetworkManager.swift */,
				F1C3A32D2B4011CB0041907B /* MultipartNetworkManager.swift */,
			);
			path = NetworksManagers;
			sourceTree = "<group>";
		};
		F1CA7E712B00E7F7002D733E /* Interceptors */ = {
			isa = PBXGroup;
			children = (
				F1CA7E552AFCE127002D733E /* BaseInterceptor.swift */,
				F1C3A32F2B4011F10041907B /* MultipartInterceptor.swift */,
			);
			path = Interceptors;
			sourceTree = "<group>";
		};
		F1CA7E762B00FDFC002D733E /* OAuths */ = {
			isa = PBXGroup;
			children = (
				F1CA7E722B00E818002D733E /* OAuthAuthenticator.swift */,
				F1CA7E742B00E83E002D733E /* OAuthCredential.swift */,
			);
			path = OAuths;
			sourceTree = "<group>";
		};
		F1CA7E7B2B08548F002D733E /* Services */ = {
			isa = PBXGroup;
			children = (
				F1CA7E7C2B0854B3002D733E /* CommonNetworkService.swift */,
			);
			path = Services;
			sourceTree = "<group>";
		};
		F1CA7E852B0F3F9B002D733E /* Services */ = {
			isa = PBXGroup;
			children = (
				F1CA7E862B0F4033002D733E /* HomeNetworkService.swift */,
			);
			path = Services;
			sourceTree = "<group>";
		};
		F1CA7E8A2B117C0D002D733E /* Chat */ = {
			isa = PBXGroup;
			children = (
				F1CA7E942B117F02002D733E /* Models */,
				F1CA7E8B2B117C3C002D733E /* ChannelViewController.swift */,
				F1CA7E902B117E4C002D733E /* ChannelTableViewCell.swift */,
				F1CA7E922B117EC9002D733E /* ChatViewController.swift */,
			);
			path = Chat;
			sourceTree = "<group>";
		};
		F1CA7E942B117F02002D733E /* Models */ = {
			isa = PBXGroup;
			children = (
				F1CA7E952B117F18002D733E /* Channel.swift */,
				F1CA7E992B117F74002D733E /* Message.swift */,
				F1CA7E9D2B118083002D733E /* Sender.swift */,
				F1CA7E9B2B117F95002D733E /* ImageMediaItem.swift */,
			);
			path = Models;
			sourceTree = "<group>";
		};
		F1DD2C8A2A95DDD500EE9711 /* Scenes */ = {
			isa = PBXGroup;
			children = (
				F1FCE78A2AC7D4AD0024AE60 /* MyPage */,
				F126B1CA2AA231E20035E499 /* Signup */,
				F1CA7E8A2B117C0D002D733E /* Chat */,
				F1DD2CA92A99CCDD00EE9711 /* Common */,
				F1DD2C8B2A95DDF600EE9711 /* Home */,
				F1A560622A949E6800FD2E91 /* MainTapBarController.swift */,
				F126B1CF2AA568D80035E499 /* SelectViewController.swift */,
			);
			path = Scenes;
			sourceTree = "<group>";
		};
		F1DD2C8B2A95DDF600EE9711 /* Home */ = {
			isa = PBXGroup;
			children = (
				F1CA7E852B0F3F9B002D733E /* Services */,
				F1FCE7AD2AD135610024AE60 /* Cells */,
				F1FCE7AC2AD135530024AE60 /* Views */,
				F1DD2C8C2A95DE5C00EE9711 /* HomeViewController.swift */,
				F1FCE7AE2AD1358F0024AE60 /* UserDetailViewController.swift */,
				F1FCE7BA2ADA623A0024AE60 /* ReportReasonAlertViewController.swift */,
			);
			path = Home;
			sourceTree = "<group>";
		};
		F1DD2CA92A99CCDD00EE9711 /* Common */ = {
			isa = PBXGroup;
			children = (
				F1CA7E7B2B08548F002D733E /* Services */,
				F1DD2CC72A9D7B2100EE9711 /* Views */,
				F1DD2CAA2A99CD0B00EE9711 /* LoginViewController.swift */,
				F1DD2CC32A9C851300EE9711 /* FindIdViewController.swift */,
				F1DD2CC52A9D7AE700EE9711 /* FindIdCheckViewController.swift */,
				F1DD2CCF2A9F616D00EE9711 /* FindPwViewController.swift */,
				F126B1C42AA0AFB60035E499 /* IntroViewController.swift */,
			);
			path = Common;
			sourceTree = "<group>";
		};
		F1DD2CB52A9A05BB00EE9711 /* Extensions */ = {
			isa = PBXGroup;
			children = (
				F1DD2CB62A9A05D900EE9711 /* UIColor.swift */,
				F1DD2CBB2A9A53AC00EE9711 /* UIFont.swift */,
				F1DD2CBF2A9AEDDC00EE9711 /* UIViewController.swift */,
				F1A47DA82B32FAF900D51645 /* UIResponder.swift */,
			);
			path = Extensions;
			sourceTree = "<group>";
		};
		F1DD2CB82A9A0B6000EE9711 /* Classes */ = {
			isa = PBXGroup;
			children = (
				F1DD2CAE2A99E57C00EE9711 /* LineTextField.swift */,
				F18E50DC2B2C0B3300D427A0 /* TagTextField.swift */,
				F1DD2CB12A99EE9C00EE9711 /* BaseButton.swift */,
				F1DD2CB32A99FA9B00EE9711 /* NanumLabel.swift */,
				F1DD2CB92A9A0F0D00EE9711 /* CheckBox.swift */,
				F126B1CD2AA41D7A0035E499 /* SignupStepBar.swift */,
				F1FCE79E2AC9795C0024AE60 /* CustomAlertView.swift */,
				F1FCE79C2AC976750024AE60 /* CustomAlertViewController.swift */,
				F1FCE7B62ADA5A280024AE60 /* DashedLineView.swift */,
			);
			path = Classes;
			sourceTree = "<group>";
		};
		F1DD2CC72A9D7B2100EE9711 /* Views */ = {
			isa = PBXGroup;
			children = (
				F1DD2CBD2A9AE68500EE9711 /* LoginView.swift */,
				F1DD2CC82A9D7B4B00EE9711 /* FindIdView.swift */,
				F1DD2CCA2A9D7CD900EE9711 /* FindIdCheckView.swift */,
				F1DD2CD12A9F635900EE9711 /* FindPwView.swift */,
			);
			path = Views;
			sourceTree = "<group>";
		};
		F1FCE77C2AC316D00024AE60 /* Enums */ = {
			isa = PBXGroup;
			children = (
				F1FCE7822AC317EF0024AE60 /* UIStyle.swift */,
				F1FCE7842AC318700024AE60 /* BaseButtonStyle.swift */,
				F1FCE7862AC318950024AE60 /* NanumWeightType.swift */,
				F1FCE7882AC318B00024AE60 /* NanumFamily.swift */,
				F1CA7E832B0F17BD002D733E /* Error.swift */,
			);
			path = Enums;
			sourceTree = "<group>";
		};
		F1FCE77D2AC316F40024AE60 /* Protocols */ = {
			isa = PBXGroup;
			children = (
				F1FCE77E2AC317600024AE60 /* SelectViewControllerProtocol.swift */,
				F1A47DAA2B32FB2F00D51645 /* KeyboardEventProtocol.swift */,
			);
			path = Protocols;
			sourceTree = "<group>";
		};
		F1FCE78A2AC7D4AD0024AE60 /* MyPage */ = {
			isa = PBXGroup;
			children = (
				F1FCE78D2AC7D5E30024AE60 /* Views */,
				F1FCE78B2AC7D5610024AE60 /* MyPageViewController.swift */,
				F1FCE7962AC902F00024AE60 /* MentoringMethodSetViewController.swift */,
				F1FCE7A02ACB00C40024AE60 /* UploadDocumentsViewController.swift */,
				F1FCE7982AC909270024AE60 /* AccountSetViewController.swift */,
				F1FCE7A62ACE88050024AE60 /* AccountConfirmViewController.swift */,
				F1FCE7A82AD03FE30024AE60 /* PasswordResetViewController.swift */,
			);
			path = MyPage;
			sourceTree = "<group>";
		};
		F1FCE78D2AC7D5E30024AE60 /* Views */ = {
			isa = PBXGroup;
			children = (
				F1FCE78E2AC7D5FC0024AE60 /* MyPageView.swift */,
				F1FCE7902AC825D60024AE60 /* ProfileCardView.swift */,
				F1CA7E4A2AF4CF2D002D733E /* MenuBarView.swift */,
				F1FCE7942AC902D90024AE60 /* MentoringMethodSetView.swift */,
				F1FCE79A2AC94A9E0024AE60 /* AccountSetView.swift */,
				F1FCE7A42ACE87C10024AE60 /* AccountConfirmView.swift */,
				F1FCE7AA2AD03FF50024AE60 /* PasswordResetView.swift */,
				F1FCE7A22ACB04830024AE60 /* UploadDocumentsView.swift */,
			);
			path = Views;
			sourceTree = "<group>";
		};
		F1FCE7AC2AD135530024AE60 /* Views */ = {
			isa = PBXGroup;
			children = (
				F1DD2CA52A96FACD00EE9711 /* HomeCollectionHeaderView.swift */,
				F1DD2CA72A98896300EE9711 /* ExpandableView.swift */,
				F1FCE7B02AD136D20024AE60 /* UserDetailView.swift */,
				F1FCE7B22AD140360024AE60 /* UserDetailProfileCardView.swift */,
				F1FCE7B42AD3C73F0024AE60 /* FieldRectView.swift */,
				F1FCE7B82ADA5FA00024AE60 /* ReportReasonAlertView.swift */,
			);
			path = Views;
			sourceTree = "<group>";
		};
		F1FCE7AD2AD135610024AE60 /* Cells */ = {
			isa = PBXGroup;
			children = (
				F1DD2C912A95E81200EE9711 /* HomeCollectionViewCell.swift */,
			);
			path = Cells;
			sourceTree = "<group>";
		};
/* End PBXGroup section */

/* Begin PBXNativeTarget section */
		F1A5605A2A949E6800FD2E91 /* dotoring-iOS */ = {
			isa = PBXNativeTarget;
			buildConfigurationList = F1A5606F2A949E6900FD2E91 /* Build configuration list for PBXNativeTarget "dotoring-iOS" */;
			buildPhases = (
				F1A560572A949E6800FD2E91 /* Sources */,
				F1A560582A949E6800FD2E91 /* Frameworks */,
				F1A560592A949E6800FD2E91 /* Resources */,
			);
			buildRules = (
			);
			dependencies = (
			);
			name = "dotoring-iOS";
			packageProductDependencies = (
				F1A560732A94A42B00FD2E91 /* Kingfisher */,
				F1DD2C8F2A95E26600EE9711 /* SnapKit */,
				F1CA7E4D2AFCBA5A002D733E /* Alamofire */,
				F1CA7E652AFDB280002D733E /* JWTDecode */,
				F1CA7E812B0CA51B002D733E /* Toast */,
				F1CA7E8E2B117D1D002D733E /* MessageKit */,
			);
			productName = "dotoring-iOS";
			productReference = F1A5605B2A949E6800FD2E91 /* dotoring-iOS.app */;
			productType = "com.apple.product-type.application";
		};
/* End PBXNativeTarget section */

/* Begin PBXProject section */
		F1A560532A949E6800FD2E91 /* Project object */ = {
			isa = PBXProject;
			attributes = {
				BuildIndependentTargetsInParallel = 1;
				LastSwiftUpdateCheck = 1420;
				LastUpgradeCheck = 1420;
				TargetAttributes = {
					F1A5605A2A949E6800FD2E91 = {
						CreatedOnToolsVersion = 14.2;
					};
				};
			};
			buildConfigurationList = F1A560562A949E6800FD2E91 /* Build configuration list for PBXProject "dotoring-iOS" */;
			compatibilityVersion = "Xcode 14.0";
			developmentRegion = en;
			hasScannedForEncodings = 0;
			knownRegions = (
				en,
				Base,
			);
			mainGroup = F1A560522A949E6800FD2E91;
			packageReferences = (
				F1A560722A94A42B00FD2E91 /* XCRemoteSwiftPackageReference "Kingfisher" */,
				F1DD2C8E2A95E26600EE9711 /* XCRemoteSwiftPackageReference "SnapKit" */,
				F1CA7E4C2AFCBA5A002D733E /* XCRemoteSwiftPackageReference "Alamofire" */,
				F1CA7E642AFDB27F002D733E /* XCRemoteSwiftPackageReference "JWTDecode" */,
				F1CA7E802B0CA51B002D733E /* XCRemoteSwiftPackageReference "Toast-Swift" */,
				F1CA7E8D2B117D1D002D733E /* XCRemoteSwiftPackageReference "MessageKit" */,
			);
			productRefGroup = F1A5605C2A949E6800FD2E91 /* Products */;
			projectDirPath = "";
			projectRoot = "";
			targets = (
				F1A5605A2A949E6800FD2E91 /* dotoring-iOS */,
			);
		};
/* End PBXProject section */

/* Begin PBXResourcesBuildPhase section */
		F1A560592A949E6800FD2E91 /* Resources */ = {
			isa = PBXResourcesBuildPhase;
			buildActionMask = 2147483647;
			files = (
				F1DD2C9B2A95F82C00EE9711 /* NanumSquareOTF_acL.otf in Resources */,
				F1CA7E5F2AFD2620002D733E /* Secrets.plist in Resources */,
				F1DD2C9F2A95F82C00EE9711 /* NanumSquareR.otf in Resources */,
				F1DD2CA12A95F82C00EE9711 /* NanumSquareOTF_acEB.otf in Resources */,
				F1DD2CA22A95F82C00EE9711 /* NanumSquareEB.otf in Resources */,
				F1A5606B2A949E6900FD2E91 /* LaunchScreen.storyboard in Resources */,
				F1DD2CA02A95F82C00EE9711 /* NanumSquareOTF_acB.otf in Resources */,
				F1DD2C9D2A95F82C00EE9711 /* NanumSquareB.otf in Resources */,
				F1DD2C9E2A95F82C00EE9711 /* NanumSquareOTF_acR.otf in Resources */,
				F1A560682A949E6900FD2E91 /* Assets.xcassets in Resources */,
				F1DD2C9C2A95F82C00EE9711 /* NanumSquareL.otf in Resources */,
			);
			runOnlyForDeploymentPostprocessing = 0;
		};
/* End PBXResourcesBuildPhase section */

/* Begin PBXSourcesBuildPhase section */
		F1A560572A949E6800FD2E91 /* Sources */ = {
			isa = PBXSourcesBuildPhase;
			buildActionMask = 2147483647;
			files = (
				F1CA7E542AFCE056002D733E /* BaseNetworkManager.swift in Sources */,
				F126B1CE2AA41D7A0035E499 /* SignupStepBar.swift in Sources */,
				F126B1C52AA0AFB60035E499 /* IntroViewController.swift in Sources */,
				F126B1D42AA6F6CF0035E499 /* SelectView.swift in Sources */,
				F1FCE7B92ADA5FA00024AE60 /* ReportReasonAlertView.swift in Sources */,
				F1CA7E582AFCE7AB002D733E /* BaseLogger.swift in Sources */,
				F1FCE7AF2AD1358F0024AE60 /* UserDetailViewController.swift in Sources */,
				F1CA7E562AFCE127002D733E /* BaseInterceptor.swift in Sources */,
				F1DD2CA62A96FACD00EE9711 /* HomeCollectionHeaderView.swift in Sources */,
				F1FCE7752AC07CEA0024AE60 /* Signup6ViewController.swift in Sources */,
				F1A47DA92B32FAF900D51645 /* UIResponder.swift in Sources */,
				F126B1D72AA6FB780035E499 /* SelectedElementView.swift in Sources */,
				F1FCE76D2ABE8E370024AE60 /* Signup4View.swift in Sources */,
				F1FCE7B72ADA5A280024AE60 /* DashedLineView.swift in Sources */,
				F1FCE7892AC318B00024AE60 /* NanumFamily.swift in Sources */,
				F1DD2CB72A9A05D900EE9711 /* UIColor.swift in Sources */,
				F1DD2C922A95E81200EE9711 /* HomeCollectionViewCell.swift in Sources */,
				F1FCE7952AC902D90024AE60 /* MentoringMethodSetView.swift in Sources */,
				F1CA7E9C2B117F95002D733E /* ImageMediaItem.swift in Sources */,
				F1FCE78C2AC7D5610024AE60 /* MyPageViewController.swift in Sources */,
				F1CA7E5D2AFCFE17002D733E /* Model.swift in Sources */,
				F1DD2CBE2A9AE68500EE9711 /* LoginView.swift in Sources */,
				F1A560632A949E6800FD2E91 /* MainTapBarController.swift in Sources */,
				F1DD2CC92A9D7B4B00EE9711 /* FindIdView.swift in Sources */,
				F1DD2CD22A9F635900EE9711 /* FindPwView.swift in Sources */,
				F1FCE7A12ACB00C40024AE60 /* UploadDocumentsViewController.swift in Sources */,
				F1CA7E4B2AF4CF2D002D733E /* MenuBarView.swift in Sources */,
				F1FCE7832AC317EF0024AE60 /* UIStyle.swift in Sources */,
				F1FCE7772AC07CF90024AE60 /* Signup6View.swift in Sources */,
				F1FCE7992AC909270024AE60 /* AccountSetViewController.swift in Sources */,
				F1CA7E6A2AFDD5D1002D733E /* KeyChain.swift in Sources */,
				F1A5605F2A949E6800FD2E91 /* AppDelegate.swift in Sources */,
				F1FCE7A92AD03FE30024AE60 /* PasswordResetViewController.swift in Sources */,
				F1DD2CAB2A99CD0B00EE9711 /* LoginViewController.swift in Sources */,
				F1FCE76F2ABE8E4E0024AE60 /* Signup4ViewController.swift in Sources */,
				F1FCE7672ABC75A80024AE60 /* Signup2View.swift in Sources */,
				F1FCE7652ABC754C0024AE60 /* Signup2ViewController.swift in Sources */,
				F1CA7E962B117F18002D733E /* Channel.swift in Sources */,
				F11FCBAA2B3452E500CED2A0 /* SignupNetworkService.swift in Sources */,
				F1FCE7B32AD140360024AE60 /* UserDetailProfileCardView.swift in Sources */,
				F1FCE7692ABD7E2A0024AE60 /* Signup3View.swift in Sources */,
				F1FCE7732AC023390024AE60 /* Signup5ViewController.swift in Sources */,
				F1DD2CC62A9D7AE800EE9711 /* FindIdCheckViewController.swift in Sources */,
				F1DD2CC42A9C851300EE9711 /* FindIdViewController.swift in Sources */,
				F1CA7E842B0F17BD002D733E /* Error.swift in Sources */,
				F1CA7E912B117E4C002D733E /* ChannelTableViewCell.swift in Sources */,
				F1CA7E512AFCC30E002D733E /* Constants.swift in Sources */,
				F1CA7E702AFFD487002D733E /* APINetworkManager.swift in Sources */,
				F1FCE77B2AC2C7670024AE60 /* MenteeSignup1ViewController.swift in Sources */,
				F1CA7E5A2AFCE9B0002D733E /* BaseRouter.swift in Sources */,
				F1C3A32E2B4011CB0041907B /* MultipartNetworkManager.swift in Sources */,
				F1FCE79F2AC9795C0024AE60 /* CustomAlertView.swift in Sources */,
				F1CA7E9A2B117F74002D733E /* Message.swift in Sources */,
				F1C3A3302B4011F10041907B /* MultipartInterceptor.swift in Sources */,
				F1FCE7A52ACE87C10024AE60 /* AccountConfirmView.swift in Sources */,
				F1FCE7BB2ADA623A0024AE60 /* ReportReasonAlertViewController.swift in Sources */,
				F1DD2CAF2A99E57D00EE9711 /* LineTextField.swift in Sources */,
				F1DD2CCB2A9D7CD900EE9711 /* FindIdCheckView.swift in Sources */,
				F1FCE79D2AC976750024AE60 /* CustomAlertViewController.swift in Sources */,
				F1FCE76B2ABD82620024AE60 /* Signup3ViewController.swift in Sources */,
				F1A47DAB2B32FB2F00D51645 /* KeyboardEventProtocol.swift in Sources */,
				F1CA7E7F2B087E69002D733E /* Alert.swift in Sources */,
				F1A560612A949E6800FD2E91 /* SceneDelegate.swift in Sources */,
				F1DD2CB42A99FA9B00EE9711 /* NanumLabel.swift in Sources */,
				F1CA7E732B00E818002D733E /* OAuthAuthenticator.swift in Sources */,
				F1FCE77F2AC317600024AE60 /* SelectViewControllerProtocol.swift in Sources */,
				F1CA7E9E2B118083002D733E /* Sender.swift in Sources */,
				F1FCE78F2AC7D5FC0024AE60 /* MyPageView.swift in Sources */,
				F1FCE7972AC902F00024AE60 /* MentoringMethodSetViewController.swift in Sources */,
				F126B1CC2AA231F60035E499 /* MentoSignup1ViewController.swift in Sources */,
				F126B1D02AA568D80035E499 /* SelectViewController.swift in Sources */,
				F1DD2CD02A9F616D00EE9711 /* FindPwViewController.swift in Sources */,
				F1DD2C8D2A95DE5C00EE9711 /* HomeViewController.swift in Sources */,
				F1DD2CBC2A9A53AC00EE9711 /* UIFont.swift in Sources */,
				F1DD2CB22A99EE9C00EE9711 /* BaseButton.swift in Sources */,
				F1CA7E6D2AFFD17E002D733E /* HomeRouter.swift in Sources */,
				F1CA7E752B00E83E002D733E /* OAuthCredential.swift in Sources */,
				F1CA7E7D2B0854B3002D733E /* CommonNetworkService.swift in Sources */,
				F18E50DD2B2C0B3300D427A0 /* TagTextField.swift in Sources */,
				F1FCE7B12AD136D20024AE60 /* UserDetailView.swift in Sources */,
				F1DD2CBA2A9A0F0D00EE9711 /* CheckBox.swift in Sources */,
				F1FCE7852AC318700024AE60 /* BaseButtonStyle.swift in Sources */,
				F1CA7E932B117EC9002D733E /* ChatViewController.swift in Sources */,
				F1CA7E782B024B0D002D733E /* HomeModel.swift in Sources */,
				F1CA7E612AFD26AE002D733E /* Bundle.swift in Sources */,
				F1FCE7AB2AD03FF50024AE60 /* PasswordResetView.swift in Sources */,
				F11FCBAC2B34544C00CED2A0 /* SignupRouter.swift in Sources */,
				F1FCE7872AC318950024AE60 /* NanumWeightType.swift in Sources */,
				F1FCE7A72ACE88050024AE60 /* AccountConfirmViewController.swift in Sources */,
				F1FCE79B2AC94A9E0024AE60 /* AccountSetView.swift in Sources */,
				F1DD2CC02A9AEDDC00EE9711 /* UIViewController.swift in Sources */,
				F11FCBAE2B3455F600CED2A0 /* SignupModel.swift in Sources */,
				F1CA7E872B0F4033002D733E /* HomeNetworkService.swift in Sources */,
				F1FCE7B52AD3C73F0024AE60 /* FieldRectView.swift in Sources */,
				F1FCE7712AC01E950024AE60 /* Signup5View.swift in Sources */,
				F1FCE7912AC825D60024AE60 /* ProfileCardView.swift in Sources */,
				F1CA7E8C2B117C3C002D733E /* ChannelViewController.swift in Sources */,
				F1FCE7A32ACB04830024AE60 /* UploadDocumentsView.swift in Sources */,
				F1CA7E7A2B04F163002D733E /* UserDetailModel.swift in Sources */,
				F1DD2CA82A98896300EE9711 /* ExpandableView.swift in Sources */,
			);
			runOnlyForDeploymentPostprocessing = 0;
		};
/* End PBXSourcesBuildPhase section */

/* Begin PBXVariantGroup section */
		F1A560692A949E6900FD2E91 /* LaunchScreen.storyboard */ = {
			isa = PBXVariantGroup;
			children = (
				F1A5606A2A949E6900FD2E91 /* Base */,
			);
			name = LaunchScreen.storyboard;
			sourceTree = "<group>";
		};
/* End PBXVariantGroup section */

/* Begin XCBuildConfiguration section */
		F1A5606D2A949E6900FD2E91 /* Debug */ = {
			isa = XCBuildConfiguration;
			buildSettings = {
				ALWAYS_SEARCH_USER_PATHS = NO;
				CLANG_ANALYZER_NONNULL = YES;
				CLANG_ANALYZER_NUMBER_OBJECT_CONVERSION = YES_AGGRESSIVE;
				CLANG_CXX_LANGUAGE_STANDARD = "gnu++20";
				CLANG_ENABLE_MODULES = YES;
				CLANG_ENABLE_OBJC_ARC = YES;
				CLANG_ENABLE_OBJC_WEAK = YES;
				CLANG_WARN_BLOCK_CAPTURE_AUTORELEASING = YES;
				CLANG_WARN_BOOL_CONVERSION = YES;
				CLANG_WARN_COMMA = YES;
				CLANG_WARN_CONSTANT_CONVERSION = YES;
				CLANG_WARN_DEPRECATED_OBJC_IMPLEMENTATIONS = YES;
				CLANG_WARN_DIRECT_OBJC_ISA_USAGE = YES_ERROR;
				CLANG_WARN_DOCUMENTATION_COMMENTS = YES;
				CLANG_WARN_EMPTY_BODY = YES;
				CLANG_WARN_ENUM_CONVERSION = YES;
				CLANG_WARN_INFINITE_RECURSION = YES;
				CLANG_WARN_INT_CONVERSION = YES;
				CLANG_WARN_NON_LITERAL_NULL_CONVERSION = YES;
				CLANG_WARN_OBJC_IMPLICIT_RETAIN_SELF = YES;
				CLANG_WARN_OBJC_LITERAL_CONVERSION = YES;
				CLANG_WARN_OBJC_ROOT_CLASS = YES_ERROR;
				CLANG_WARN_QUOTED_INCLUDE_IN_FRAMEWORK_HEADER = YES;
				CLANG_WARN_RANGE_LOOP_ANALYSIS = YES;
				CLANG_WARN_STRICT_PROTOTYPES = YES;
				CLANG_WARN_SUSPICIOUS_MOVE = YES;
				CLANG_WARN_UNGUARDED_AVAILABILITY = YES_AGGRESSIVE;
				CLANG_WARN_UNREACHABLE_CODE = YES;
				CLANG_WARN__DUPLICATE_METHOD_MATCH = YES;
				COPY_PHASE_STRIP = NO;
				DEBUG_INFORMATION_FORMAT = dwarf;
				ENABLE_STRICT_OBJC_MSGSEND = YES;
				ENABLE_TESTABILITY = YES;
				GCC_C_LANGUAGE_STANDARD = gnu11;
				GCC_DYNAMIC_NO_PIC = NO;
				GCC_NO_COMMON_BLOCKS = YES;
				GCC_OPTIMIZATION_LEVEL = 0;
				GCC_PREPROCESSOR_DEFINITIONS = (
					"DEBUG=1",
					"$(inherited)",
				);
				GCC_WARN_64_TO_32_BIT_CONVERSION = YES;
				GCC_WARN_ABOUT_RETURN_TYPE = YES_ERROR;
				GCC_WARN_UNDECLARED_SELECTOR = YES;
				GCC_WARN_UNINITIALIZED_AUTOS = YES_AGGRESSIVE;
				GCC_WARN_UNUSED_FUNCTION = YES;
				GCC_WARN_UNUSED_VARIABLE = YES;
				INFOPLIST_KEY_CFBundleDisplayName = "도토링";
				IPHONEOS_DEPLOYMENT_TARGET = 15.0;
				MTL_ENABLE_DEBUG_INFO = INCLUDE_SOURCE;
				MTL_FAST_MATH = YES;
				ONLY_ACTIVE_ARCH = YES;
				SDKROOT = iphoneos;
				SWIFT_ACTIVE_COMPILATION_CONDITIONS = DEBUG;
				SWIFT_OPTIMIZATION_LEVEL = "-Onone";
			};
			name = Debug;
		};
		F1A5606E2A949E6900FD2E91 /* Release */ = {
			isa = XCBuildConfiguration;
			buildSettings = {
				ALWAYS_SEARCH_USER_PATHS = NO;
				CLANG_ANALYZER_NONNULL = YES;
				CLANG_ANALYZER_NUMBER_OBJECT_CONVERSION = YES_AGGRESSIVE;
				CLANG_CXX_LANGUAGE_STANDARD = "gnu++20";
				CLANG_ENABLE_MODULES = YES;
				CLANG_ENABLE_OBJC_ARC = YES;
				CLANG_ENABLE_OBJC_WEAK = YES;
				CLANG_WARN_BLOCK_CAPTURE_AUTORELEASING = YES;
				CLANG_WARN_BOOL_CONVERSION = YES;
				CLANG_WARN_COMMA = YES;
				CLANG_WARN_CONSTANT_CONVERSION = YES;
				CLANG_WARN_DEPRECATED_OBJC_IMPLEMENTATIONS = YES;
				CLANG_WARN_DIRECT_OBJC_ISA_USAGE = YES_ERROR;
				CLANG_WARN_DOCUMENTATION_COMMENTS = YES;
				CLANG_WARN_EMPTY_BODY = YES;
				CLANG_WARN_ENUM_CONVERSION = YES;
				CLANG_WARN_INFINITE_RECURSION = YES;
				CLANG_WARN_INT_CONVERSION = YES;
				CLANG_WARN_NON_LITERAL_NULL_CONVERSION = YES;
				CLANG_WARN_OBJC_IMPLICIT_RETAIN_SELF = YES;
				CLANG_WARN_OBJC_LITERAL_CONVERSION = YES;
				CLANG_WARN_OBJC_ROOT_CLASS = YES_ERROR;
				CLANG_WARN_QUOTED_INCLUDE_IN_FRAMEWORK_HEADER = YES;
				CLANG_WARN_RANGE_LOOP_ANALYSIS = YES;
				CLANG_WARN_STRICT_PROTOTYPES = YES;
				CLANG_WARN_SUSPICIOUS_MOVE = YES;
				CLANG_WARN_UNGUARDED_AVAILABILITY = YES_AGGRESSIVE;
				CLANG_WARN_UNREACHABLE_CODE = YES;
				CLANG_WARN__DUPLICATE_METHOD_MATCH = YES;
				COPY_PHASE_STRIP = NO;
				DEBUG_INFORMATION_FORMAT = "dwarf-with-dsym";
				ENABLE_NS_ASSERTIONS = NO;
				ENABLE_STRICT_OBJC_MSGSEND = YES;
				GCC_C_LANGUAGE_STANDARD = gnu11;
				GCC_NO_COMMON_BLOCKS = YES;
				GCC_WARN_64_TO_32_BIT_CONVERSION = YES;
				GCC_WARN_ABOUT_RETURN_TYPE = YES_ERROR;
				GCC_WARN_UNDECLARED_SELECTOR = YES;
				GCC_WARN_UNINITIALIZED_AUTOS = YES_AGGRESSIVE;
				GCC_WARN_UNUSED_FUNCTION = YES;
				GCC_WARN_UNUSED_VARIABLE = YES;
				INFOPLIST_KEY_CFBundleDisplayName = "도토링";
				IPHONEOS_DEPLOYMENT_TARGET = 15.0;
				MTL_ENABLE_DEBUG_INFO = NO;
				MTL_FAST_MATH = YES;
				SDKROOT = iphoneos;
				SWIFT_COMPILATION_MODE = wholemodule;
				SWIFT_OPTIMIZATION_LEVEL = "-O";
				VALIDATE_PRODUCT = YES;
			};
			name = Release;
		};
		F1A560702A949E6900FD2E91 /* Debug */ = {
			isa = XCBuildConfiguration;
			buildSettings = {
				ASSETCATALOG_COMPILER_APPICON_NAME = AppIcon;
				ASSETCATALOG_COMPILER_GLOBAL_ACCENT_COLOR_NAME = AccentColor;
				CODE_SIGN_STYLE = Automatic;
				CURRENT_PROJECT_VERSION = 1;
				DEVELOPMENT_TEAM = 3GP97WXHSG;
				GENERATE_INFOPLIST_FILE = YES;
				INFOPLIST_FILE = "dotoring-iOS/Info.plist";
				INFOPLIST_KEY_UIApplicationSupportsIndirectInputEvents = YES;
				INFOPLIST_KEY_UILaunchStoryboardName = LaunchScreen;
				INFOPLIST_KEY_UISupportedInterfaceOrientations_iPad = "UIInterfaceOrientationPortrait UIInterfaceOrientationPortraitUpsideDown UIInterfaceOrientationLandscapeLeft UIInterfaceOrientationLandscapeRight";
				INFOPLIST_KEY_UISupportedInterfaceOrientations_iPhone = "UIInterfaceOrientationPortrait UIInterfaceOrientationLandscapeLeft UIInterfaceOrientationLandscapeRight";
				LD_RUNPATH_SEARCH_PATHS = (
					"$(inherited)",
					"@executable_path/Frameworks",
				);
				MARKETING_VERSION = 1.0;
				PRODUCT_BUNDLE_IDENTIFIER = "com.rayleigh.dotoring-iOS";
				PRODUCT_NAME = "$(TARGET_NAME)";
				SWIFT_EMIT_LOC_STRINGS = YES;
				SWIFT_VERSION = 5.0;
				TARGETED_DEVICE_FAMILY = "1,2";
			};
			name = Debug;
		};
		F1A560712A949E6900FD2E91 /* Release */ = {
			isa = XCBuildConfiguration;
			buildSettings = {
				ASSETCATALOG_COMPILER_APPICON_NAME = AppIcon;
				ASSETCATALOG_COMPILER_GLOBAL_ACCENT_COLOR_NAME = AccentColor;
				CODE_SIGN_STYLE = Automatic;
				CURRENT_PROJECT_VERSION = 1;
				DEVELOPMENT_TEAM = 3GP97WXHSG;
				GENERATE_INFOPLIST_FILE = YES;
				INFOPLIST_FILE = "dotoring-iOS/Info.plist";
				INFOPLIST_KEY_UIApplicationSupportsIndirectInputEvents = YES;
				INFOPLIST_KEY_UILaunchStoryboardName = LaunchScreen;
				INFOPLIST_KEY_UISupportedInterfaceOrientations_iPad = "UIInterfaceOrientationPortrait UIInterfaceOrientationPortraitUpsideDown UIInterfaceOrientationLandscapeLeft UIInterfaceOrientationLandscapeRight";
				INFOPLIST_KEY_UISupportedInterfaceOrientations_iPhone = "UIInterfaceOrientationPortrait UIInterfaceOrientationLandscapeLeft UIInterfaceOrientationLandscapeRight";
				LD_RUNPATH_SEARCH_PATHS = (
					"$(inherited)",
					"@executable_path/Frameworks",
				);
				MARKETING_VERSION = 1.0;
				PRODUCT_BUNDLE_IDENTIFIER = "com.rayleigh.dotoring-iOS";
				PRODUCT_NAME = "$(TARGET_NAME)";
				SWIFT_EMIT_LOC_STRINGS = YES;
				SWIFT_VERSION = 5.0;
				TARGETED_DEVICE_FAMILY = "1,2";
			};
			name = Release;
		};
/* End XCBuildConfiguration section */

/* Begin XCConfigurationList section */
		F1A560562A949E6800FD2E91 /* Build configuration list for PBXProject "dotoring-iOS" */ = {
			isa = XCConfigurationList;
			buildConfigurations = (
				F1A5606D2A949E6900FD2E91 /* Debug */,
				F1A5606E2A949E6900FD2E91 /* Release */,
			);
			defaultConfigurationIsVisible = 0;
			defaultConfigurationName = Release;
		};
		F1A5606F2A949E6900FD2E91 /* Build configuration list for PBXNativeTarget "dotoring-iOS" */ = {
			isa = XCConfigurationList;
			buildConfigurations = (
				F1A560702A949E6900FD2E91 /* Debug */,
				F1A560712A949E6900FD2E91 /* Release */,
			);
			defaultConfigurationIsVisible = 0;
			defaultConfigurationName = Release;
		};
/* End XCConfigurationList section */

/* Begin XCRemoteSwiftPackageReference section */
		F1A560722A94A42B00FD2E91 /* XCRemoteSwiftPackageReference "Kingfisher" */ = {
			isa = XCRemoteSwiftPackageReference;
			repositoryURL = "https://github.com/onevcat/Kingfisher.git";
			requirement = {
				kind = upToNextMajorVersion;
				minimumVersion = 7.0.0;
			};
		};
		F1CA7E4C2AFCBA5A002D733E /* XCRemoteSwiftPackageReference "Alamofire" */ = {
			isa = XCRemoteSwiftPackageReference;
			repositoryURL = "https://github.com/Alamofire/Alamofire.git";
			requirement = {
				kind = upToNextMajorVersion;
				minimumVersion = 5.8.1;
			};
		};
		F1CA7E642AFDB27F002D733E /* XCRemoteSwiftPackageReference "JWTDecode" */ = {
			isa = XCRemoteSwiftPackageReference;
			repositoryURL = "https://github.com/auth0/JWTDecode.swift";
			requirement = {
				kind = upToNextMajorVersion;
				minimumVersion = 3.1.0;
			};
		};
		F1CA7E802B0CA51B002D733E /* XCRemoteSwiftPackageReference "Toast-Swift" */ = {
			isa = XCRemoteSwiftPackageReference;
			repositoryURL = "https://github.com/scalessec/Toast-Swift.git";
			requirement = {
				kind = upToNextMajorVersion;
				minimumVersion = 5.0.1;
			};
		};
		F1CA7E8D2B117D1D002D733E /* XCRemoteSwiftPackageReference "MessageKit" */ = {
			isa = XCRemoteSwiftPackageReference;
			repositoryURL = "https://github.com/MessageKit/MessageKit";
			requirement = {
				kind = upToNextMajorVersion;
				minimumVersion = 4.2.0;
			};
		};
		F1DD2C8E2A95E26600EE9711 /* XCRemoteSwiftPackageReference "SnapKit" */ = {
			isa = XCRemoteSwiftPackageReference;
			repositoryURL = "https://github.com/SnapKit/SnapKit";
			requirement = {
				kind = upToNextMajorVersion;
				minimumVersion = 5.0.0;
			};
		};
/* End XCRemoteSwiftPackageReference section */

/* Begin XCSwiftPackageProductDependency section */
		F1A560732A94A42B00FD2E91 /* Kingfisher */ = {
			isa = XCSwiftPackageProductDependency;
			package = F1A560722A94A42B00FD2E91 /* XCRemoteSwiftPackageReference "Kingfisher" */;
			productName = Kingfisher;
		};
		F1CA7E4D2AFCBA5A002D733E /* Alamofire */ = {
			isa = XCSwiftPackageProductDependency;
			package = F1CA7E4C2AFCBA5A002D733E /* XCRemoteSwiftPackageReference "Alamofire" */;
			productName = Alamofire;
		};
		F1CA7E652AFDB280002D733E /* JWTDecode */ = {
			isa = XCSwiftPackageProductDependency;
			package = F1CA7E642AFDB27F002D733E /* XCRemoteSwiftPackageReference "JWTDecode" */;
			productName = JWTDecode;
		};
		F1CA7E812B0CA51B002D733E /* Toast */ = {
			isa = XCSwiftPackageProductDependency;
			package = F1CA7E802B0CA51B002D733E /* XCRemoteSwiftPackageReference "Toast-Swift" */;
			productName = Toast;
		};
		F1CA7E8E2B117D1D002D733E /* MessageKit */ = {
			isa = XCSwiftPackageProductDependency;
			package = F1CA7E8D2B117D1D002D733E /* XCRemoteSwiftPackageReference "MessageKit" */;
			productName = MessageKit;
		};
		F1DD2C8F2A95E26600EE9711 /* SnapKit */ = {
			isa = XCSwiftPackageProductDependency;
			package = F1DD2C8E2A95E26600EE9711 /* XCRemoteSwiftPackageReference "SnapKit" */;
			productName = SnapKit;
		};
/* End XCSwiftPackageProductDependency section */
	};
	rootObject = F1A560532A949E6800FD2E91 /* Project object */;
}
